// !$*UTF8*$!
{
	archiveVersion = 1;
	classes = {
	};
	objectVersion = 46;
	objects = {

/* Begin PBXBuildFile section */
		CE23730718F384FB00917970 /* WelcomeGoGeoViewController.m in Sources */ = {isa = PBXBuildFile; fileRef = CE23730518F384FB00917970 /* WelcomeGoGeoViewController.m */; };
		CE23730B18F385B400917970 /* HowToUseViewController.m in Sources */ = {isa = PBXBuildFile; fileRef = CE23730A18F385B400917970 /* HowToUseViewController.m */; };
		CE23730E18F3864400917970 /* IntroPageViewController.m in Sources */ = {isa = PBXBuildFile; fileRef = CE23730D18F3864400917970 /* IntroPageViewController.m */; };
		CE23731118F3960B00917970 /* StartingInventoryViewController.m in Sources */ = {isa = PBXBuildFile; fileRef = CE23731018F3960B00917970 /* StartingInventoryViewController.m */; };
		CE23731418F3962C00917970 /* SignUpViewController.m in Sources */ = {isa = PBXBuildFile; fileRef = CE23731318F3962C00917970 /* SignUpViewController.m */; };
		CE23731718F3967A00917970 /* LoginViewController.m in Sources */ = {isa = PBXBuildFile; fileRef = CE23731618F3967A00917970 /* LoginViewController.m */; };
		CE3E63D118BD55A400A5DCD7 /* GemFinderViewController.m in Sources */ = {isa = PBXBuildFile; fileRef = CE3E63D018BD55A400A5DCD7 /* GemFinderViewController.m */; };
		CEA6D35818BD4E2800F36A35 /* Foundation.framework in Frameworks */ = {isa = PBXBuildFile; fileRef = CEA6D35718BD4E2700F36A35 /* Foundation.framework */; };
		CEA6D35A18BD4E2800F36A35 /* CoreGraphics.framework in Frameworks */ = {isa = PBXBuildFile; fileRef = CEA6D35918BD4E2800F36A35 /* CoreGraphics.framework */; };
		CEA6D35C18BD4E2800F36A35 /* UIKit.framework in Frameworks */ = {isa = PBXBuildFile; fileRef = CEA6D35B18BD4E2800F36A35 /* UIKit.framework */; };
		CEA6D36218BD4E2800F36A35 /* InfoPlist.strings in Resources */ = {isa = PBXBuildFile; fileRef = CEA6D36018BD4E2800F36A35 /* InfoPlist.strings */; };
		CEA6D36418BD4E2800F36A35 /* main.m in Sources */ = {isa = PBXBuildFile; fileRef = CEA6D36318BD4E2800F36A35 /* main.m */; };
		CEA6D36818BD4E2800F36A35 /* AppDelegate.m in Sources */ = {isa = PBXBuildFile; fileRef = CEA6D36718BD4E2800F36A35 /* AppDelegate.m */; };
		CEA6D36A18BD4E2800F36A35 /* Images.xcassets in Resources */ = {isa = PBXBuildFile; fileRef = CEA6D36918BD4E2800F36A35 /* Images.xcassets */; };
		CEA6D37118BD4E2800F36A35 /* XCTest.framework in Frameworks */ = {isa = PBXBuildFile; fileRef = CEA6D37018BD4E2800F36A35 /* XCTest.framework */; };
		CEA6D37218BD4E2800F36A35 /* Foundation.framework in Frameworks */ = {isa = PBXBuildFile; fileRef = CEA6D35718BD4E2700F36A35 /* Foundation.framework */; };
		CEA6D37318BD4E2800F36A35 /* UIKit.framework in Frameworks */ = {isa = PBXBuildFile; fileRef = CEA6D35B18BD4E2800F36A35 /* UIKit.framework */; };
		CEA6D37B18BD4E2800F36A35 /* InfoPlist.strings in Resources */ = {isa = PBXBuildFile; fileRef = CEA6D37918BD4E2800F36A35 /* InfoPlist.strings */; };
		CEA6D37D18BD4E2800F36A35 /* iFindTests.m in Sources */ = {isa = PBXBuildFile; fileRef = CEA6D37C18BD4E2800F36A35 /* iFindTests.m */; };
		CEA6D38718BD4E8000F36A35 /* MapKit.framework in Frameworks */ = {isa = PBXBuildFile; fileRef = CEA6D38618BD4E8000F36A35 /* MapKit.framework */; };
		CEA6D38B18BD505700F36A35 /* Parse.framework in Frameworks */ = {isa = PBXBuildFile; fileRef = CEA6D38A18BD505700F36A35 /* Parse.framework */; };
		CEA6D38D18BD517500F36A35 /* AudioToolbox.framework in Frameworks */ = {isa = PBXBuildFile; fileRef = CEA6D38C18BD517500F36A35 /* AudioToolbox.framework */; };
		CEA6D38F18BD518200F36A35 /* CFNetwork.framework in Frameworks */ = {isa = PBXBuildFile; fileRef = CEA6D38E18BD518200F36A35 /* CFNetwork.framework */; };
		CEA6D39118BD519100F36A35 /* CoreLocation.framework in Frameworks */ = {isa = PBXBuildFile; fileRef = CEA6D39018BD519100F36A35 /* CoreLocation.framework */; };
		CEA6D39318BD51A100F36A35 /* libz.dylib in Frameworks */ = {isa = PBXBuildFile; fileRef = CEA6D39218BD51A100F36A35 /* libz.dylib */; };
		CEA6D39518BD51AD00F36A35 /* MobileCoreServices.framework in Frameworks */ = {isa = PBXBuildFile; fileRef = CEA6D39418BD51AD00F36A35 /* MobileCoreServices.framework */; };
		CEA6D39718BD51BC00F36A35 /* QuartzCore.framework in Frameworks */ = {isa = PBXBuildFile; fileRef = CEA6D39618BD51BC00F36A35 /* QuartzCore.framework */; };
		CEA6D39918BD51C600F36A35 /* Security.framework in Frameworks */ = {isa = PBXBuildFile; fileRef = CEA6D39818BD51C600F36A35 /* Security.framework */; };
		CEA6D39D18BD51DD00F36A35 /* SystemConfiguration.framework in Frameworks */ = {isa = PBXBuildFile; fileRef = CEA6D39C18BD51DD00F36A35 /* SystemConfiguration.framework */; };
		CEB7B36C18D68D3A00AC72C5 /* tower.jpg in Resources */ = {isa = PBXBuildFile; fileRef = CEB7B36B18D68D3A00AC72C5 /* tower.jpg */; };
		CEB7B36E18D6A8F000AC72C5 /* waterfall.jpg in Resources */ = {isa = PBXBuildFile; fileRef = CEB7B36D18D6A8F000AC72C5 /* waterfall.jpg */; };
		CEDAA0B218E91336009A67F9 /* SoundcloudContentView.m in Sources */ = {isa = PBXBuildFile; fileRef = CEDAA0B118E91336009A67F9 /* SoundcloudContentView.m */; };
		E20CE6C718F5040C00327101 /* TimelineViewController.m in Sources */ = {isa = PBXBuildFile; fileRef = E20CE6C618F5040C00327101 /* TimelineViewController.m */; };
		E20CE6CB18F512BD00327101 /* cup.png in Resources */ = {isa = PBXBuildFile; fileRef = E20CE6CA18F512BD00327101 /* cup.png */; };
		E21F9A6218E8DDE70029BA85 /* ALRadialButton.m in Sources */ = {isa = PBXBuildFile; fileRef = E21F9A5F18E8DDE70029BA85 /* ALRadialButton.m */; };
		E21F9A6318E8DDE70029BA85 /* ALRadialMenu.m in Sources */ = {isa = PBXBuildFile; fileRef = E21F9A6118E8DDE70029BA85 /* ALRadialMenu.m */; };
		E21F9A6618E90B8C0029BA85 /* download.jpeg in Resources */ = {isa = PBXBuildFile; fileRef = E21F9A6518E90B8C0029BA85 /* download.jpeg */; };
		E21F9A6A18E958DA0029BA85 /* archive.png in Resources */ = {isa = PBXBuildFile; fileRef = E21F9A6918E958DA0029BA85 /* archive.png */; };
		E234E85218DFE57500E2B16D /* UIImage+ImageEffects.m in Sources */ = {isa = PBXBuildFile; fileRef = E234E85118DFE57500E2B16D /* UIImage+ImageEffects.m */; };
		E234E85518E00AF300E2B16D /* ContentView.m in Sources */ = {isa = PBXBuildFile; fileRef = E234E85418E00AF300E2B16D /* ContentView.m */; };
		E234E85818E00C0100E2B16D /* TextContentView.m in Sources */ = {isa = PBXBuildFile; fileRef = E234E85718E00C0100E2B16D /* TextContentView.m */; };
		E2546AEE18D27DE0005F2D8B /* GemAnnotation.m in Sources */ = {isa = PBXBuildFile; fileRef = E2546AED18D27DE0005F2D8B /* GemAnnotation.m */; };
		E2675C6418CFB26A00F56BD3 /* CreateAccountViewController.m in Sources */ = {isa = PBXBuildFile; fileRef = E2675C6318CFB26A00F56BD3 /* CreateAccountViewController.m */; };
		E2733BE418D6C12500EB51B0 /* soundcloud.png in Resources */ = {isa = PBXBuildFile; fileRef = E2733BE318D6C12500EB51B0 /* soundcloud.png */; };
		E2733BE618D6C15B00EB51B0 /* messenger-generic.png in Resources */ = {isa = PBXBuildFile; fileRef = E2733BE518D6C15B00EB51B0 /* messenger-generic.png */; };
		E29B2D5B18F335EE004D02AE /* music_beamed_note.png in Resources */ = {isa = PBXBuildFile; fileRef = E29B2D5A18F335EE004D02AE /* music_beamed_note.png */; };
		E2AC39D518E892E70030461C /* plusButton.png in Resources */ = {isa = PBXBuildFile; fileRef = E2AC39D418E892E70030461C /* plusButton.png */; };
		E2BA8BCA18E0CB14002027EE /* ImageContentView.m in Sources */ = {isa = PBXBuildFile; fileRef = E2BA8BC918E0CB14002027EE /* ImageContentView.m */; };
		E2BA8BCC18E224EF002027EE /* orkut.png in Resources */ = {isa = PBXBuildFile; fileRef = E2BA8BCB18E224EF002027EE /* orkut.png */; };
		E2C2FD7618F53BB700D56B52 /* TimelineAccordianView.m in Sources */ = {isa = PBXBuildFile; fileRef = E2C2FD7518F53BB700D56B52 /* TimelineAccordianView.m */; };
		E2C2FD7A18F65CC200D56B52 /* AccordianDrawerView.m in Sources */ = {isa = PBXBuildFile; fileRef = E2C2FD7918F65CC200D56B52 /* AccordianDrawerView.m */; };
		E2CC0AF918BE95E3008B6094 /* compass@2x.png in Resources */ = {isa = PBXBuildFile; fileRef = E2CC0AF818BE95E3008B6094 /* compass@2x.png */; };
		E2CC0AFB18BE964A008B6094 /* compass.png in Resources */ = {isa = PBXBuildFile; fileRef = E2CC0AFA18BE964A008B6094 /* compass.png */; };
		E2CC0B0018BE96ED008B6094 /* BounceMenuController.m in Sources */ = {isa = PBXBuildFile; fileRef = E2CC0AFF18BE96ED008B6094 /* BounceMenuController.m */; };
		E2CC0B0318BE96F7008B6094 /* PlusButton.m in Sources */ = {isa = PBXBuildFile; fileRef = E2CC0B0218BE96F7008B6094 /* PlusButton.m */; };
		E2CC0B0518BE9AF9008B6094 /* barDivider.png in Resources */ = {isa = PBXBuildFile; fileRef = E2CC0B0418BE9AF9008B6094 /* barDivider.png */; };
		E2CC0B1118BEC3ED008B6094 /* FacebookSDK.framework in Frameworks */ = {isa = PBXBuildFile; fileRef = E2CC0B1018BEC3ED008B6094 /* FacebookSDK.framework */; };
		E2E0577218F36E0700315297 /* GGAddContentViewController.m in Sources */ = {isa = PBXBuildFile; fileRef = E2E0577118F36E0700315297 /* GGAddContentViewController.m */; };
		E2E0577518F36EF100315297 /* GGAddContentView.m in Sources */ = {isa = PBXBuildFile; fileRef = E2E0577418F36EF100315297 /* GGAddContentView.m */; };
		E2E711BE18C17DB100F5EAC1 /* Main.storyboard in Resources */ = {isa = PBXBuildFile; fileRef = E2E711BD18C17DB100F5EAC1 /* Main.storyboard */; };
		E2E711C718C1AAD600F5EAC1 /* settingsGear.png in Resources */ = {isa = PBXBuildFile; fileRef = E2E711C518C1AAD600F5EAC1 /* settingsGear.png */; };
		E2E711C818C1AAD600F5EAC1 /* settingsGear@2x.png in Resources */ = {isa = PBXBuildFile; fileRef = E2E711C618C1AAD600F5EAC1 /* settingsGear@2x.png */; };
		E2E711CB18C1AAF900F5EAC1 /* SettingsViewController.m in Sources */ = {isa = PBXBuildFile; fileRef = E2E711CA18C1AAF900F5EAC1 /* SettingsViewController.m */; };
		E2E7CD9918C1761100C20286 /* WelcomeViewController.m in Sources */ = {isa = PBXBuildFile; fileRef = E2E7CD9818C1761100C20286 /* WelcomeViewController.m */; };
/* End PBXBuildFile section */

/* Begin PBXContainerItemProxy section */
		CEA6D37418BD4E2800F36A35 /* PBXContainerItemProxy */ = {
			isa = PBXContainerItemProxy;
			containerPortal = CEA6D34C18BD4E2700F36A35 /* Project object */;
			proxyType = 1;
			remoteGlobalIDString = CEA6D35318BD4E2700F36A35;
			remoteInfo = iFind;
		};
/* End PBXContainerItemProxy section */

/* Begin PBXFileReference section */
		CE23730418F384FB00917970 /* WelcomeGoGeoViewController.h */ = {isa = PBXFileReference; fileEncoding = 4; lastKnownFileType = sourcecode.c.h; path = WelcomeGoGeoViewController.h; sourceTree = "<group>"; };
		CE23730518F384FB00917970 /* WelcomeGoGeoViewController.m */ = {isa = PBXFileReference; fileEncoding = 4; lastKnownFileType = sourcecode.c.objc; path = WelcomeGoGeoViewController.m; sourceTree = "<group>"; };
		CE23730918F385B400917970 /* HowToUseViewController.h */ = {isa = PBXFileReference; fileEncoding = 4; lastKnownFileType = sourcecode.c.h; path = HowToUseViewController.h; sourceTree = "<group>"; };
		CE23730A18F385B400917970 /* HowToUseViewController.m */ = {isa = PBXFileReference; fileEncoding = 4; lastKnownFileType = sourcecode.c.objc; path = HowToUseViewController.m; sourceTree = "<group>"; };
		CE23730C18F3864400917970 /* IntroPageViewController.h */ = {isa = PBXFileReference; fileEncoding = 4; lastKnownFileType = sourcecode.c.h; path = IntroPageViewController.h; sourceTree = "<group>"; };
		CE23730D18F3864400917970 /* IntroPageViewController.m */ = {isa = PBXFileReference; fileEncoding = 4; lastKnownFileType = sourcecode.c.objc; path = IntroPageViewController.m; sourceTree = "<group>"; };
		CE23730F18F3960B00917970 /* StartingInventoryViewController.h */ = {isa = PBXFileReference; fileEncoding = 4; lastKnownFileType = sourcecode.c.h; path = StartingInventoryViewController.h; sourceTree = "<group>"; };
		CE23731018F3960B00917970 /* StartingInventoryViewController.m */ = {isa = PBXFileReference; fileEncoding = 4; lastKnownFileType = sourcecode.c.objc; path = StartingInventoryViewController.m; sourceTree = "<group>"; };
		CE23731218F3962C00917970 /* SignUpViewController.h */ = {isa = PBXFileReference; fileEncoding = 4; lastKnownFileType = sourcecode.c.h; path = SignUpViewController.h; sourceTree = "<group>"; };
		CE23731318F3962C00917970 /* SignUpViewController.m */ = {isa = PBXFileReference; fileEncoding = 4; lastKnownFileType = sourcecode.c.objc; path = SignUpViewController.m; sourceTree = "<group>"; };
		CE23731518F3967A00917970 /* LoginViewController.h */ = {isa = PBXFileReference; fileEncoding = 4; lastKnownFileType = sourcecode.c.h; path = LoginViewController.h; sourceTree = "<group>"; };
		CE23731618F3967A00917970 /* LoginViewController.m */ = {isa = PBXFileReference; fileEncoding = 4; lastKnownFileType = sourcecode.c.objc; path = LoginViewController.m; sourceTree = "<group>"; };
		CE3E63CF18BD55A400A5DCD7 /* GemFinderViewController.h */ = {isa = PBXFileReference; fileEncoding = 4; lastKnownFileType = sourcecode.c.h; path = GemFinderViewController.h; sourceTree = "<group>"; };
		CE3E63D018BD55A400A5DCD7 /* GemFinderViewController.m */ = {isa = PBXFileReference; fileEncoding = 4; lastKnownFileType = sourcecode.c.objc; path = GemFinderViewController.m; sourceTree = "<group>"; };
		CEA6D35418BD4E2700F36A35 /* iFind.app */ = {isa = PBXFileReference; explicitFileType = wrapper.application; includeInIndex = 0; path = iFind.app; sourceTree = BUILT_PRODUCTS_DIR; };
		CEA6D35718BD4E2700F36A35 /* Foundation.framework */ = {isa = PBXFileReference; lastKnownFileType = wrapper.framework; name = Foundation.framework; path = System/Library/Frameworks/Foundation.framework; sourceTree = SDKROOT; };
		CEA6D35918BD4E2800F36A35 /* CoreGraphics.framework */ = {isa = PBXFileReference; lastKnownFileType = wrapper.framework; name = CoreGraphics.framework; path = System/Library/Frameworks/CoreGraphics.framework; sourceTree = SDKROOT; };
		CEA6D35B18BD4E2800F36A35 /* UIKit.framework */ = {isa = PBXFileReference; lastKnownFileType = wrapper.framework; name = UIKit.framework; path = System/Library/Frameworks/UIKit.framework; sourceTree = SDKROOT; };
		CEA6D35F18BD4E2800F36A35 /* iFind-Info.plist */ = {isa = PBXFileReference; lastKnownFileType = text.plist.xml; path = "iFind-Info.plist"; sourceTree = "<group>"; };
		CEA6D36118BD4E2800F36A35 /* en */ = {isa = PBXFileReference; lastKnownFileType = text.plist.strings; name = en; path = en.lproj/InfoPlist.strings; sourceTree = "<group>"; };
		CEA6D36318BD4E2800F36A35 /* main.m */ = {isa = PBXFileReference; lastKnownFileType = sourcecode.c.objc; path = main.m; sourceTree = "<group>"; };
		CEA6D36518BD4E2800F36A35 /* iFind-Prefix.pch */ = {isa = PBXFileReference; lastKnownFileType = sourcecode.c.h; path = "iFind-Prefix.pch"; sourceTree = "<group>"; };
		CEA6D36618BD4E2800F36A35 /* AppDelegate.h */ = {isa = PBXFileReference; lastKnownFileType = sourcecode.c.h; path = AppDelegate.h; sourceTree = "<group>"; };
		CEA6D36718BD4E2800F36A35 /* AppDelegate.m */ = {isa = PBXFileReference; lastKnownFileType = sourcecode.c.objc; path = AppDelegate.m; sourceTree = "<group>"; };
		CEA6D36918BD4E2800F36A35 /* Images.xcassets */ = {isa = PBXFileReference; lastKnownFileType = folder.assetcatalog; path = Images.xcassets; sourceTree = "<group>"; };
		CEA6D36F18BD4E2800F36A35 /* iFindTests.xctest */ = {isa = PBXFileReference; explicitFileType = wrapper.cfbundle; includeInIndex = 0; path = iFindTests.xctest; sourceTree = BUILT_PRODUCTS_DIR; };
		CEA6D37018BD4E2800F36A35 /* XCTest.framework */ = {isa = PBXFileReference; lastKnownFileType = wrapper.framework; name = XCTest.framework; path = Library/Frameworks/XCTest.framework; sourceTree = DEVELOPER_DIR; };
		CEA6D37818BD4E2800F36A35 /* iFindTests-Info.plist */ = {isa = PBXFileReference; lastKnownFileType = text.plist.xml; path = "iFindTests-Info.plist"; sourceTree = "<group>"; };
		CEA6D37A18BD4E2800F36A35 /* en */ = {isa = PBXFileReference; lastKnownFileType = text.plist.strings; name = en; path = en.lproj/InfoPlist.strings; sourceTree = "<group>"; };
		CEA6D37C18BD4E2800F36A35 /* iFindTests.m */ = {isa = PBXFileReference; lastKnownFileType = sourcecode.c.objc; path = iFindTests.m; sourceTree = "<group>"; };
		CEA6D38618BD4E8000F36A35 /* MapKit.framework */ = {isa = PBXFileReference; lastKnownFileType = wrapper.framework; name = MapKit.framework; path = System/Library/Frameworks/MapKit.framework; sourceTree = SDKROOT; };
		CEA6D38A18BD505700F36A35 /* Parse.framework */ = {isa = PBXFileReference; lastKnownFileType = wrapper.framework; path = Parse.framework; sourceTree = "<group>"; };
		CEA6D38C18BD517500F36A35 /* AudioToolbox.framework */ = {isa = PBXFileReference; lastKnownFileType = wrapper.framework; name = AudioToolbox.framework; path = System/Library/Frameworks/AudioToolbox.framework; sourceTree = SDKROOT; };
		CEA6D38E18BD518200F36A35 /* CFNetwork.framework */ = {isa = PBXFileReference; lastKnownFileType = wrapper.framework; name = CFNetwork.framework; path = System/Library/Frameworks/CFNetwork.framework; sourceTree = SDKROOT; };
		CEA6D39018BD519100F36A35 /* CoreLocation.framework */ = {isa = PBXFileReference; lastKnownFileType = wrapper.framework; name = CoreLocation.framework; path = System/Library/Frameworks/CoreLocation.framework; sourceTree = SDKROOT; };
		CEA6D39218BD51A100F36A35 /* libz.dylib */ = {isa = PBXFileReference; lastKnownFileType = "compiled.mach-o.dylib"; name = libz.dylib; path = usr/lib/libz.dylib; sourceTree = SDKROOT; };
		CEA6D39418BD51AD00F36A35 /* MobileCoreServices.framework */ = {isa = PBXFileReference; lastKnownFileType = wrapper.framework; name = MobileCoreServices.framework; path = System/Library/Frameworks/MobileCoreServices.framework; sourceTree = SDKROOT; };
		CEA6D39618BD51BC00F36A35 /* QuartzCore.framework */ = {isa = PBXFileReference; lastKnownFileType = wrapper.framework; name = QuartzCore.framework; path = System/Library/Frameworks/QuartzCore.framework; sourceTree = SDKROOT; };
		CEA6D39818BD51C600F36A35 /* Security.framework */ = {isa = PBXFileReference; lastKnownFileType = wrapper.framework; name = Security.framework; path = System/Library/Frameworks/Security.framework; sourceTree = SDKROOT; };
		CEA6D39C18BD51DD00F36A35 /* SystemConfiguration.framework */ = {isa = PBXFileReference; lastKnownFileType = wrapper.framework; name = SystemConfiguration.framework; path = System/Library/Frameworks/SystemConfiguration.framework; sourceTree = SDKROOT; };
		CEB7B36B18D68D3A00AC72C5 /* tower.jpg */ = {isa = PBXFileReference; lastKnownFileType = image.jpeg; path = tower.jpg; sourceTree = "<group>"; };
		CEB7B36D18D6A8F000AC72C5 /* waterfall.jpg */ = {isa = PBXFileReference; lastKnownFileType = image.jpeg; path = waterfall.jpg; sourceTree = "<group>"; };
		CEDAA0B018E91336009A67F9 /* SoundcloudContentView.h */ = {isa = PBXFileReference; fileEncoding = 4; lastKnownFileType = sourcecode.c.h; path = SoundcloudContentView.h; sourceTree = "<group>"; };
		CEDAA0B118E91336009A67F9 /* SoundcloudContentView.m */ = {isa = PBXFileReference; fileEncoding = 4; lastKnownFileType = sourcecode.c.objc; path = SoundcloudContentView.m; sourceTree = "<group>"; };
		E20CE6C418F4FEA100327101 /* ContentViewDelegate.h */ = {isa = PBXFileReference; lastKnownFileType = sourcecode.c.h; path = ContentViewDelegate.h; sourceTree = "<group>"; };
		E20CE6C518F5040C00327101 /* TimelineViewController.h */ = {isa = PBXFileReference; fileEncoding = 4; lastKnownFileType = sourcecode.c.h; path = TimelineViewController.h; sourceTree = "<group>"; };
		E20CE6C618F5040C00327101 /* TimelineViewController.m */ = {isa = PBXFileReference; fileEncoding = 4; lastKnownFileType = sourcecode.c.objc; path = TimelineViewController.m; sourceTree = "<group>"; };
		E20CE6CA18F512BD00327101 /* cup.png */ = {isa = PBXFileReference; lastKnownFileType = image.png; path = cup.png; sourceTree = "<group>"; };
		E21F9A5E18E8DDE70029BA85 /* ALRadialButton.h */ = {isa = PBXFileReference; fileEncoding = 4; lastKnownFileType = sourcecode.c.h; path = ALRadialButton.h; sourceTree = "<group>"; };
		E21F9A5F18E8DDE70029BA85 /* ALRadialButton.m */ = {isa = PBXFileReference; fileEncoding = 4; lastKnownFileType = sourcecode.c.objc; path = ALRadialButton.m; sourceTree = "<group>"; };
		E21F9A6018E8DDE70029BA85 /* ALRadialMenu.h */ = {isa = PBXFileReference; fileEncoding = 4; lastKnownFileType = sourcecode.c.h; path = ALRadialMenu.h; sourceTree = "<group>"; };
		E21F9A6118E8DDE70029BA85 /* ALRadialMenu.m */ = {isa = PBXFileReference; fileEncoding = 4; lastKnownFileType = sourcecode.c.objc; path = ALRadialMenu.m; sourceTree = "<group>"; };
		E21F9A6518E90B8C0029BA85 /* download.jpeg */ = {isa = PBXFileReference; lastKnownFileType = image.jpeg; path = download.jpeg; sourceTree = "<group>"; };
		E21F9A6918E958DA0029BA85 /* archive.png */ = {isa = PBXFileReference; lastKnownFileType = image.png; path = archive.png; sourceTree = "<group>"; };
		E234E84118DF9F2D00E2B16D /* AccountHandlerDelegate.h */ = {isa = PBXFileReference; lastKnownFileType = sourcecode.c.h; path = AccountHandlerDelegate.h; sourceTree = "<group>"; };
		E234E85018DFE57500E2B16D /* UIImage+ImageEffects.h */ = {isa = PBXFileReference; fileEncoding = 4; lastKnownFileType = sourcecode.c.h; path = "UIImage+ImageEffects.h"; sourceTree = "<group>"; };
		E234E85118DFE57500E2B16D /* UIImage+ImageEffects.m */ = {isa = PBXFileReference; fileEncoding = 4; lastKnownFileType = sourcecode.c.objc; path = "UIImage+ImageEffects.m"; sourceTree = "<group>"; };
		E234E85318E00AF300E2B16D /* ContentView.h */ = {isa = PBXFileReference; fileEncoding = 4; lastKnownFileType = sourcecode.c.h; path = ContentView.h; sourceTree = "<group>"; };
		E234E85418E00AF300E2B16D /* ContentView.m */ = {isa = PBXFileReference; fileEncoding = 4; lastKnownFileType = sourcecode.c.objc; path = ContentView.m; sourceTree = "<group>"; };
		E234E85618E00C0100E2B16D /* TextContentView.h */ = {isa = PBXFileReference; fileEncoding = 4; lastKnownFileType = sourcecode.c.h; path = TextContentView.h; sourceTree = "<group>"; };
		E234E85718E00C0100E2B16D /* TextContentView.m */ = {isa = PBXFileReference; fileEncoding = 4; lastKnownFileType = sourcecode.c.objc; path = TextContentView.m; sourceTree = "<group>"; };
		E2546AEC18D27DE0005F2D8B /* GemAnnotation.h */ = {isa = PBXFileReference; fileEncoding = 4; lastKnownFileType = sourcecode.c.h; path = GemAnnotation.h; sourceTree = "<group>"; };
		E2546AED18D27DE0005F2D8B /* GemAnnotation.m */ = {isa = PBXFileReference; fileEncoding = 4; lastKnownFileType = sourcecode.c.objc; path = GemAnnotation.m; sourceTree = "<group>"; };
		E2675C6218CFB26A00F56BD3 /* CreateAccountViewController.h */ = {isa = PBXFileReference; fileEncoding = 4; lastKnownFileType = sourcecode.c.h; path = CreateAccountViewController.h; sourceTree = "<group>"; };
		E2675C6318CFB26A00F56BD3 /* CreateAccountViewController.m */ = {isa = PBXFileReference; fileEncoding = 4; lastKnownFileType = sourcecode.c.objc; path = CreateAccountViewController.m; sourceTree = "<group>"; };
		E2733BE318D6C12500EB51B0 /* soundcloud.png */ = {isa = PBXFileReference; lastKnownFileType = image.png; path = soundcloud.png; sourceTree = "<group>"; };
		E2733BE518D6C15B00EB51B0 /* messenger-generic.png */ = {isa = PBXFileReference; lastKnownFileType = image.png; path = "messenger-generic.png"; sourceTree = "<group>"; };
		E29B2D5A18F335EE004D02AE /* music_beamed_note.png */ = {isa = PBXFileReference; lastKnownFileType = image.png; path = music_beamed_note.png; sourceTree = "<group>"; };
		E2AC39D418E892E70030461C /* plusButton.png */ = {isa = PBXFileReference; lastKnownFileType = image.png; path = plusButton.png; sourceTree = "<group>"; };
		E2BA8BC818E0CB14002027EE /* ImageContentView.h */ = {isa = PBXFileReference; fileEncoding = 4; lastKnownFileType = sourcecode.c.h; path = ImageContentView.h; sourceTree = "<group>"; };
		E2BA8BC918E0CB14002027EE /* ImageContentView.m */ = {isa = PBXFileReference; fileEncoding = 4; lastKnownFileType = sourcecode.c.objc; path = ImageContentView.m; sourceTree = "<group>"; };
		E2BA8BCB18E224EF002027EE /* orkut.png */ = {isa = PBXFileReference; lastKnownFileType = image.png; path = orkut.png; sourceTree = "<group>"; };
		E2C2FD7418F53BB700D56B52 /* TimelineAccordianView.h */ = {isa = PBXFileReference; fileEncoding = 4; lastKnownFileType = sourcecode.c.h; path = TimelineAccordianView.h; sourceTree = "<group>"; };
		E2C2FD7518F53BB700D56B52 /* TimelineAccordianView.m */ = {isa = PBXFileReference; fileEncoding = 4; lastKnownFileType = sourcecode.c.objc; path = TimelineAccordianView.m; sourceTree = "<group>"; };
		E2C2FD7718F540BF00D56B52 /* TimelineAccordianViewDelegate.h */ = {isa = PBXFileReference; lastKnownFileType = sourcecode.c.h; path = TimelineAccordianViewDelegate.h; sourceTree = "<group>"; };
		E2C2FD7818F65CC200D56B52 /* AccordianDrawerView.h */ = {isa = PBXFileReference; fileEncoding = 4; lastKnownFileType = sourcecode.c.h; path = AccordianDrawerView.h; sourceTree = "<group>"; };
		E2C2FD7918F65CC200D56B52 /* AccordianDrawerView.m */ = {isa = PBXFileReference; fileEncoding = 4; lastKnownFileType = sourcecode.c.objc; path = AccordianDrawerView.m; sourceTree = "<group>"; };
		E2CC0AF818BE95E3008B6094 /* compass@2x.png */ = {isa = PBXFileReference; lastKnownFileType = image.png; path = "compass@2x.png"; sourceTree = "<group>"; };
		E2CC0AFA18BE964A008B6094 /* compass.png */ = {isa = PBXFileReference; lastKnownFileType = image.png; path = compass.png; sourceTree = "<group>"; };
		E2CC0AFE18BE96EC008B6094 /* BounceMenuController.h */ = {isa = PBXFileReference; fileEncoding = 4; lastKnownFileType = sourcecode.c.h; path = BounceMenuController.h; sourceTree = "<group>"; };
		E2CC0AFF18BE96ED008B6094 /* BounceMenuController.m */ = {isa = PBXFileReference; fileEncoding = 4; lastKnownFileType = sourcecode.c.objc; path = BounceMenuController.m; sourceTree = "<group>"; };
		E2CC0B0118BE96F7008B6094 /* PlusButton.h */ = {isa = PBXFileReference; fileEncoding = 4; lastKnownFileType = sourcecode.c.h; path = PlusButton.h; sourceTree = "<group>"; };
		E2CC0B0218BE96F7008B6094 /* PlusButton.m */ = {isa = PBXFileReference; fileEncoding = 4; lastKnownFileType = sourcecode.c.objc; path = PlusButton.m; sourceTree = "<group>"; };
		E2CC0B0418BE9AF9008B6094 /* barDivider.png */ = {isa = PBXFileReference; lastKnownFileType = image.png; path = barDivider.png; sourceTree = "<group>"; };
		E2CC0B1018BEC3ED008B6094 /* FacebookSDK.framework */ = {isa = PBXFileReference; lastKnownFileType = wrapper.framework; path = FacebookSDK.framework; sourceTree = "<group>"; };
		E2E0577018F36E0700315297 /* GGAddContentViewController.h */ = {isa = PBXFileReference; fileEncoding = 4; lastKnownFileType = sourcecode.c.h; path = GGAddContentViewController.h; sourceTree = "<group>"; };
		E2E0577118F36E0700315297 /* GGAddContentViewController.m */ = {isa = PBXFileReference; fileEncoding = 4; lastKnownFileType = sourcecode.c.objc; path = GGAddContentViewController.m; sourceTree = "<group>"; };
		E2E0577318F36EF100315297 /* GGAddContentView.h */ = {isa = PBXFileReference; fileEncoding = 4; lastKnownFileType = sourcecode.c.h; path = GGAddContentView.h; sourceTree = "<group>"; };
		E2E0577418F36EF100315297 /* GGAddContentView.m */ = {isa = PBXFileReference; fileEncoding = 4; lastKnownFileType = sourcecode.c.objc; path = GGAddContentView.m; sourceTree = "<group>"; };
		E2E0577618F36FA000315297 /* GGAddContentViewDataSource.h */ = {isa = PBXFileReference; lastKnownFileType = sourcecode.c.h; path = GGAddContentViewDataSource.h; sourceTree = "<group>"; };
		E2E0577718F379C000315297 /* GGAddContentViewDelegate.h */ = {isa = PBXFileReference; lastKnownFileType = sourcecode.c.h; path = GGAddContentViewDelegate.h; sourceTree = "<group>"; };
		E2E711BD18C17DB100F5EAC1 /* Main.storyboard */ = {isa = PBXFileReference; fileEncoding = 4; lastKnownFileType = file.storyboard; path = Main.storyboard; sourceTree = "<group>"; };
		E2E711C518C1AAD600F5EAC1 /* settingsGear.png */ = {isa = PBXFileReference; lastKnownFileType = image.png; path = settingsGear.png; sourceTree = "<group>"; };
		E2E711C618C1AAD600F5EAC1 /* settingsGear@2x.png */ = {isa = PBXFileReference; lastKnownFileType = image.png; path = "settingsGear@2x.png"; sourceTree = "<group>"; };
		E2E711C918C1AAF900F5EAC1 /* SettingsViewController.h */ = {isa = PBXFileReference; fileEncoding = 4; lastKnownFileType = sourcecode.c.h; path = SettingsViewController.h; sourceTree = "<group>"; };
		E2E711CA18C1AAF900F5EAC1 /* SettingsViewController.m */ = {isa = PBXFileReference; fileEncoding = 4; lastKnownFileType = sourcecode.c.objc; path = SettingsViewController.m; sourceTree = "<group>"; };
		E2E7CD9718C1761100C20286 /* WelcomeViewController.h */ = {isa = PBXFileReference; fileEncoding = 4; lastKnownFileType = sourcecode.c.h; path = WelcomeViewController.h; sourceTree = "<group>"; };
		E2E7CD9818C1761100C20286 /* WelcomeViewController.m */ = {isa = PBXFileReference; fileEncoding = 4; lastKnownFileType = sourcecode.c.objc; path = WelcomeViewController.m; sourceTree = "<group>"; };
/* End PBXFileReference section */

/* Begin PBXFrameworksBuildPhase section */
		CEA6D35118BD4E2700F36A35 /* Frameworks */ = {
			isa = PBXFrameworksBuildPhase;
			buildActionMask = 2147483647;
			files = (
				CEA6D39D18BD51DD00F36A35 /* SystemConfiguration.framework in Frameworks */,
				CEA6D39918BD51C600F36A35 /* Security.framework in Frameworks */,
				CEA6D39718BD51BC00F36A35 /* QuartzCore.framework in Frameworks */,
				CEA6D38B18BD505700F36A35 /* Parse.framework in Frameworks */,
				CEA6D39518BD51AD00F36A35 /* MobileCoreServices.framework in Frameworks */,
				CEA6D39318BD51A100F36A35 /* libz.dylib in Frameworks */,
				CEA6D39118BD519100F36A35 /* CoreLocation.framework in Frameworks */,
				CEA6D38F18BD518200F36A35 /* CFNetwork.framework in Frameworks */,
				CEA6D38D18BD517500F36A35 /* AudioToolbox.framework in Frameworks */,
				CEA6D35A18BD4E2800F36A35 /* CoreGraphics.framework in Frameworks */,
				CEA6D35C18BD4E2800F36A35 /* UIKit.framework in Frameworks */,
				CEA6D38718BD4E8000F36A35 /* MapKit.framework in Frameworks */,
				CEA6D35818BD4E2800F36A35 /* Foundation.framework in Frameworks */,
				E2CC0B1118BEC3ED008B6094 /* FacebookSDK.framework in Frameworks */,
			);
			runOnlyForDeploymentPostprocessing = 0;
		};
		CEA6D36C18BD4E2800F36A35 /* Frameworks */ = {
			isa = PBXFrameworksBuildPhase;
			buildActionMask = 2147483647;
			files = (
				CEA6D37118BD4E2800F36A35 /* XCTest.framework in Frameworks */,
				CEA6D37318BD4E2800F36A35 /* UIKit.framework in Frameworks */,
				CEA6D37218BD4E2800F36A35 /* Foundation.framework in Frameworks */,
			);
			runOnlyForDeploymentPostprocessing = 0;
		};
/* End PBXFrameworksBuildPhase section */

/* Begin PBXGroup section */
		CEA6D34B18BD4E2700F36A35 = {
			isa = PBXGroup;
			children = (
				CEA6D35D18BD4E2800F36A35 /* iFind */,
				CEA6D37618BD4E2800F36A35 /* iFindTests */,
				CEA6D35618BD4E2700F36A35 /* Frameworks */,
				CEA6D35518BD4E2700F36A35 /* Products */,
			);
			sourceTree = "<group>";
		};
		CEA6D35518BD4E2700F36A35 /* Products */ = {
			isa = PBXGroup;
			children = (
				CEA6D35418BD4E2700F36A35 /* iFind.app */,
				CEA6D36F18BD4E2800F36A35 /* iFindTests.xctest */,
			);
			name = Products;
			sourceTree = "<group>";
		};
		CEA6D35618BD4E2700F36A35 /* Frameworks */ = {
			isa = PBXGroup;
			children = (
				E2CC0B1018BEC3ED008B6094 /* FacebookSDK.framework */,
				CEA6D39C18BD51DD00F36A35 /* SystemConfiguration.framework */,
				CEA6D39818BD51C600F36A35 /* Security.framework */,
				CEA6D39618BD51BC00F36A35 /* QuartzCore.framework */,
				CEA6D39418BD51AD00F36A35 /* MobileCoreServices.framework */,
				CEA6D39218BD51A100F36A35 /* libz.dylib */,
				CEA6D39018BD519100F36A35 /* CoreLocation.framework */,
				CEA6D38E18BD518200F36A35 /* CFNetwork.framework */,
				CEA6D38C18BD517500F36A35 /* AudioToolbox.framework */,
				CEA6D38A18BD505700F36A35 /* Parse.framework */,
				CEA6D38618BD4E8000F36A35 /* MapKit.framework */,
				CEA6D35718BD4E2700F36A35 /* Foundation.framework */,
				CEA6D35918BD4E2800F36A35 /* CoreGraphics.framework */,
				CEA6D35B18BD4E2800F36A35 /* UIKit.framework */,
				CEA6D37018BD4E2800F36A35 /* XCTest.framework */,
			);
			name = Frameworks;
			sourceTree = "<group>";
		};
		CEA6D35D18BD4E2800F36A35 /* iFind */ = {
			isa = PBXGroup;
			children = (
				CEA6D36618BD4E2800F36A35 /* AppDelegate.h */,
				CEA6D36718BD4E2800F36A35 /* AppDelegate.m */,
				E2E30DD618E61BFA004770FA /* Views */,
				E2CC0B0F18BEB7E8008B6094 /* Models */,
				E2CC0B0918BEA48E008B6094 /* Controllers */,
				E2CC0B0618BE9C2B008B6094 /* Assets */,
				CEA6D36918BD4E2800F36A35 /* Images.xcassets */,
				CEA6D35E18BD4E2800F36A35 /* Supporting Files */,
				E2E711BD18C17DB100F5EAC1 /* Main.storyboard */,
			);
			path = iFind;
			sourceTree = "<group>";
		};
		CEA6D35E18BD4E2800F36A35 /* Supporting Files */ = {
			isa = PBXGroup;
			children = (
				CEA6D35F18BD4E2800F36A35 /* iFind-Info.plist */,
				CEA6D36018BD4E2800F36A35 /* InfoPlist.strings */,
				CEA6D36318BD4E2800F36A35 /* main.m */,
				CEA6D36518BD4E2800F36A35 /* iFind-Prefix.pch */,
			);
			name = "Supporting Files";
			sourceTree = "<group>";
		};
		CEA6D37618BD4E2800F36A35 /* iFindTests */ = {
			isa = PBXGroup;
			children = (
				CEA6D37C18BD4E2800F36A35 /* iFindTests.m */,
				CEA6D37718BD4E2800F36A35 /* Supporting Files */,
			);
			path = iFindTests;
			sourceTree = "<group>";
		};
		CEA6D37718BD4E2800F36A35 /* Supporting Files */ = {
			isa = PBXGroup;
			children = (
				CEA6D37818BD4E2800F36A35 /* iFindTests-Info.plist */,
				CEA6D37918BD4E2800F36A35 /* InfoPlist.strings */,
			);
			name = "Supporting Files";
			sourceTree = "<group>";
		};
		E20CE6C218F3AA8A00327101 /* AddContent */ = {
			isa = PBXGroup;
			children = (
				E2E0577718F379C000315297 /* GGAddContentViewDelegate.h */,
				E2E0577618F36FA000315297 /* GGAddContentViewDataSource.h */,
				E2E0577318F36EF100315297 /* GGAddContentView.h */,
				E2E0577418F36EF100315297 /* GGAddContentView.m */,
				E2E0577018F36E0700315297 /* GGAddContentViewController.h */,
				E2E0577118F36E0700315297 /* GGAddContentViewController.m */,
			);
			name = AddContent;
			path = ..;
			sourceTree = "<group>";
		};
		E20CE6C318F3AAA100327101 /* ContentView subclasses */ = {
			isa = PBXGroup;
			children = (
				E20CE6C418F4FEA100327101 /* ContentViewDelegate.h */,
				E234E85318E00AF300E2B16D /* ContentView.h */,
				E234E85418E00AF300E2B16D /* ContentView.m */,
				E234E85618E00C0100E2B16D /* TextContentView.h */,
				E234E85718E00C0100E2B16D /* TextContentView.m */,
				E2BA8BC818E0CB14002027EE /* ImageContentView.h */,
				E2BA8BC918E0CB14002027EE /* ImageContentView.m */,
				CEDAA0B018E91336009A67F9 /* SoundcloudContentView.h */,
				CEDAA0B118E91336009A67F9 /* SoundcloudContentView.m */,
			);
			name = "ContentView subclasses";
			sourceTree = "<group>";
		};
		E234E84218DFA60A00E2B16D /* Bounce Menu */ = {
			isa = PBXGroup;
			children = (
				E2CC0AFE18BE96EC008B6094 /* BounceMenuController.h */,
				E2CC0AFF18BE96ED008B6094 /* BounceMenuController.m */,
			);
			name = "Bounce Menu";
			sourceTree = "<group>";
		};
		E2733BDB18D6B43000EB51B0 /* ALRadial */ = {
			isa = PBXGroup;
			children = (
				E21F9A5E18E8DDE70029BA85 /* ALRadialButton.h */,
				E21F9A5F18E8DDE70029BA85 /* ALRadialButton.m */,
				E21F9A6018E8DDE70029BA85 /* ALRadialMenu.h */,
				E21F9A6118E8DDE70029BA85 /* ALRadialMenu.m */,
			);
			name = ALRadial;
			sourceTree = "<group>";
		};
		E2733BDC18D6B48700EB51B0 /* Login/Welcome */ = {
			isa = PBXGroup;
			children = (
				E234E84118DF9F2D00E2B16D /* AccountHandlerDelegate.h */,
				E2E7CD9718C1761100C20286 /* WelcomeViewController.h */,
				E2E7CD9818C1761100C20286 /* WelcomeViewController.m */,
				E2675C6218CFB26A00F56BD3 /* CreateAccountViewController.h */,
				E2675C6318CFB26A00F56BD3 /* CreateAccountViewController.m */,
				CE23730C18F3864400917970 /* IntroPageViewController.h */,
				CE23730D18F3864400917970 /* IntroPageViewController.m */,
				CE23730418F384FB00917970 /* WelcomeGoGeoViewController.h */,
				CE23730518F384FB00917970 /* WelcomeGoGeoViewController.m */,
				CE23730918F385B400917970 /* HowToUseViewController.h */,
				CE23730A18F385B400917970 /* HowToUseViewController.m */,
				CE23730F18F3960B00917970 /* StartingInventoryViewController.h */,
				CE23731018F3960B00917970 /* StartingInventoryViewController.m */,
				CE23731218F3962C00917970 /* SignUpViewController.h */,
				CE23731318F3962C00917970 /* SignUpViewController.m */,
				CE23731518F3967A00917970 /* LoginViewController.h */,
				CE23731618F3967A00917970 /* LoginViewController.m */,
			);
			name = Login/Welcome;
			sourceTree = "<group>";
		};
		E2C2FD8018F75C3600D56B52 /* ImageEffects */ = {
			isa = PBXGroup;
			children = (
				E234E85018DFE57500E2B16D /* UIImage+ImageEffects.h */,
				E234E85118DFE57500E2B16D /* UIImage+ImageEffects.m */,
			);
			name = ImageEffects;
			sourceTree = "<group>";
		};
		E2C2FD8118FAAA3900D56B52 /* TimelineViews */ = {
			isa = PBXGroup;
			children = (
				E2C2FD7718F540BF00D56B52 /* TimelineAccordianViewDelegate.h */,
				E2C2FD7818F65CC200D56B52 /* AccordianDrawerView.h */,
				E2C2FD7918F65CC200D56B52 /* AccordianDrawerView.m */,
				E2C2FD7418F53BB700D56B52 /* TimelineAccordianView.h */,
				E2C2FD7518F53BB700D56B52 /* TimelineAccordianView.m */,
			);
			name = TimelineViews;
			sourceTree = "<group>";
		};
		E2CC0B0618BE9C2B008B6094 /* Assets */ = {
			isa = PBXGroup;
			children = (
				E20CE6CA18F512BD00327101 /* cup.png */,
				E29B2D5A18F335EE004D02AE /* music_beamed_note.png */,
				E21F9A6918E958DA0029BA85 /* archive.png */,
				E21F9A6518E90B8C0029BA85 /* download.jpeg */,
				E2AC39D418E892E70030461C /* plusButton.png */,
				E2BA8BCB18E224EF002027EE /* orkut.png */,
				E2733BE518D6C15B00EB51B0 /* messenger-generic.png */,
				E2733BE318D6C12500EB51B0 /* soundcloud.png */,
				CEB7B36B18D68D3A00AC72C5 /* tower.jpg */,
				CEB7B36D18D6A8F000AC72C5 /* waterfall.jpg */,
				E2E711C518C1AAD600F5EAC1 /* settingsGear.png */,
				E2E711C618C1AAD600F5EAC1 /* settingsGear@2x.png */,
				E2CC0B0418BE9AF9008B6094 /* barDivider.png */,
				E2CC0AFA18BE964A008B6094 /* compass.png */,
				E2CC0AF818BE95E3008B6094 /* compass@2x.png */,
			);
			name = Assets;
			sourceTree = "<group>";
		};
		E2CC0B0918BEA48E008B6094 /* Controllers */ = {
			isa = PBXGroup;
			children = (
				E234E84218DFA60A00E2B16D /* Bounce Menu */,
				E2733BDC18D6B48700EB51B0 /* Login/Welcome */,
				E20CE6C218F3AA8A00327101 /* AddContent */,
				CE3E63CF18BD55A400A5DCD7 /* GemFinderViewController.h */,
				CE3E63D018BD55A400A5DCD7 /* GemFinderViewController.m */,
				E2E711C918C1AAF900F5EAC1 /* SettingsViewController.h */,
				E2E711CA18C1AAF900F5EAC1 /* SettingsViewController.m */,
				E20CE6C518F5040C00327101 /* TimelineViewController.h */,
				E20CE6C618F5040C00327101 /* TimelineViewController.m */,
			);
			name = Controllers;
			sourceTree = "<group>";
		};
		E2CC0B0F18BEB7E8008B6094 /* Models */ = {
			isa = PBXGroup;
			children = (
				E2546AEC18D27DE0005F2D8B /* GemAnnotation.h */,
				E2546AED18D27DE0005F2D8B /* GemAnnotation.m */,
			);
			name = Models;
			sourceTree = "<group>";
		};
		E2E30DD618E61BFA004770FA /* Views */ = {
			isa = PBXGroup;
			children = (
				E2733BDB18D6B43000EB51B0 /* ALRadial */,
				E2E30DD718E61F1D004770FA /* PlusButton */,
				E2C2FD8018F75C3600D56B52 /* ImageEffects */,
				E20CE6C318F3AAA100327101 /* ContentView subclasses */,
				E2C2FD8118FAAA3900D56B52 /* TimelineViews */,
			);
			name = Views;
			sourceTree = "<group>";
		};
		E2E30DD718E61F1D004770FA /* PlusButton */ = {
			isa = PBXGroup;
			children = (
				E2CC0B0218BE96F7008B6094 /* PlusButton.m */,
				E2CC0B0118BE96F7008B6094 /* PlusButton.h */,
			);
			name = PlusButton;
			sourceTree = "<group>";
		};
/* End PBXGroup section */

/* Begin PBXNativeTarget section */
		CEA6D35318BD4E2700F36A35 /* iFind */ = {
			isa = PBXNativeTarget;
			buildConfigurationList = CEA6D38018BD4E2800F36A35 /* Build configuration list for PBXNativeTarget "iFind" */;
			buildPhases = (
				CEA6D35018BD4E2700F36A35 /* Sources */,
				CEA6D35118BD4E2700F36A35 /* Frameworks */,
				CEA6D35218BD4E2700F36A35 /* Resources */,
			);
			buildRules = (
			);
			dependencies = (
			);
			name = iFind;
			productName = iFind;
			productReference = CEA6D35418BD4E2700F36A35 /* iFind.app */;
			productType = "com.apple.product-type.application";
		};
		CEA6D36E18BD4E2800F36A35 /* iFindTests */ = {
			isa = PBXNativeTarget;
			buildConfigurationList = CEA6D38318BD4E2800F36A35 /* Build configuration list for PBXNativeTarget "iFindTests" */;
			buildPhases = (
				CEA6D36B18BD4E2800F36A35 /* Sources */,
				CEA6D36C18BD4E2800F36A35 /* Frameworks */,
				CEA6D36D18BD4E2800F36A35 /* Resources */,
			);
			buildRules = (
			);
			dependencies = (
				CEA6D37518BD4E2800F36A35 /* PBXTargetDependency */,
			);
			name = iFindTests;
			productName = iFindTests;
			productReference = CEA6D36F18BD4E2800F36A35 /* iFindTests.xctest */;
			productType = "com.apple.product-type.bundle.unit-test";
		};
/* End PBXNativeTarget section */

/* Begin PBXProject section */
		CEA6D34C18BD4E2700F36A35 /* Project object */ = {
			isa = PBXProject;
			attributes = {
				LastUpgradeCheck = 0510;
				ORGANIZATIONNAME = FuarkNet;
				TargetAttributes = {
					CEA6D35318BD4E2700F36A35 = {
						DevelopmentTeam = K99KPPSM33;
						SystemCapabilities = {
							com.apple.BackgroundModes = {
								enabled = 1;
							};
							com.apple.GameCenter = {
								enabled = 0;
							};
							com.apple.InAppPurchase = {
								enabled = 0;
							};
							com.apple.iOS = {
								enabled = 1;
							};
						};
					};
					CEA6D36E18BD4E2800F36A35 = {
						TestTargetID = CEA6D35318BD4E2700F36A35;
					};
				};
			};
			buildConfigurationList = CEA6D34F18BD4E2700F36A35 /* Build configuration list for PBXProject "iFind" */;
			compatibilityVersion = "Xcode 3.2";
			developmentRegion = English;
			hasScannedForEncodings = 0;
			knownRegions = (
				en,
			);
			mainGroup = CEA6D34B18BD4E2700F36A35;
			productRefGroup = CEA6D35518BD4E2700F36A35 /* Products */;
			projectDirPath = "";
			projectRoot = "";
			targets = (
				CEA6D35318BD4E2700F36A35 /* iFind */,
				CEA6D36E18BD4E2800F36A35 /* iFindTests */,
			);
		};
/* End PBXProject section */

/* Begin PBXResourcesBuildPhase section */
		CEA6D35218BD4E2700F36A35 /* Resources */ = {
			isa = PBXResourcesBuildPhase;
			buildActionMask = 2147483647;
			files = (
				E20CE6CB18F512BD00327101 /* cup.png in Resources */,
				E21F9A6A18E958DA0029BA85 /* archive.png in Resources */,
				E2AC39D518E892E70030461C /* plusButton.png in Resources */,
				CEB7B36E18D6A8F000AC72C5 /* waterfall.jpg in Resources */,
				E2733BE618D6C15B00EB51B0 /* messenger-generic.png in Resources */,
				E2E711C818C1AAD600F5EAC1 /* settingsGear@2x.png in Resources */,
				E2E711BE18C17DB100F5EAC1 /* Main.storyboard in Resources */,
				E2733BE418D6C12500EB51B0 /* soundcloud.png in Resources */,
				E29B2D5B18F335EE004D02AE /* music_beamed_note.png in Resources */,
				E2CC0AF918BE95E3008B6094 /* compass@2x.png in Resources */,
				E2CC0AFB18BE964A008B6094 /* compass.png in Resources */,
				E21F9A6618E90B8C0029BA85 /* download.jpeg in Resources */,
				CEA6D36218BD4E2800F36A35 /* InfoPlist.strings in Resources */,
				E2E711C718C1AAD600F5EAC1 /* settingsGear.png in Resources */,
				E2BA8BCC18E224EF002027EE /* orkut.png in Resources */,
				CEA6D36A18BD4E2800F36A35 /* Images.xcassets in Resources */,
				E2CC0B0518BE9AF9008B6094 /* barDivider.png in Resources */,
				CEB7B36C18D68D3A00AC72C5 /* tower.jpg in Resources */,
			);
			runOnlyForDeploymentPostprocessing = 0;
		};
		CEA6D36D18BD4E2800F36A35 /* Resources */ = {
			isa = PBXResourcesBuildPhase;
			buildActionMask = 2147483647;
			files = (
				CEA6D37B18BD4E2800F36A35 /* InfoPlist.strings in Resources */,
			);
			runOnlyForDeploymentPostprocessing = 0;
		};
/* End PBXResourcesBuildPhase section */

/* Begin PBXSourcesBuildPhase section */
		CEA6D35018BD4E2700F36A35 /* Sources */ = {
			isa = PBXSourcesBuildPhase;
			buildActionMask = 2147483647;
			files = (
				E2675C6418CFB26A00F56BD3 /* CreateAccountViewController.m in Sources */,
				CE23731718F3967A00917970 /* LoginViewController.m in Sources */,
				E2BA8BCA18E0CB14002027EE /* ImageContentView.m in Sources */,
				E2CC0B0318BE96F7008B6094 /* PlusButton.m in Sources */,
				E234E85218DFE57500E2B16D /* UIImage+ImageEffects.m in Sources */,
				E2E0577518F36EF100315297 /* GGAddContentView.m in Sources */,
				CE23730E18F3864400917970 /* IntroPageViewController.m in Sources */,
				CEA6D36818BD4E2800F36A35 /* AppDelegate.m in Sources */,
				E2C2FD7A18F65CC200D56B52 /* AccordianDrawerView.m in Sources */,
				CEA6D36418BD4E2800F36A35 /* main.m in Sources */,
				E2CC0B0018BE96ED008B6094 /* BounceMenuController.m in Sources */,
				E234E85818E00C0100E2B16D /* TextContentView.m in Sources */,
				E21F9A6318E8DDE70029BA85 /* ALRadialMenu.m in Sources */,
				E2E7CD9918C1761100C20286 /* WelcomeViewController.m in Sources */,
				E2546AEE18D27DE0005F2D8B /* GemAnnotation.m in Sources */,
				E2C2FD7618F53BB700D56B52 /* TimelineAccordianView.m in Sources */,
				E20CE6C718F5040C00327101 /* TimelineViewController.m in Sources */,
				CE23731118F3960B00917970 /* StartingInventoryViewController.m in Sources */,
				CEDAA0B218E91336009A67F9 /* SoundcloudContentView.m in Sources */,
				CE3E63D118BD55A400A5DCD7 /* GemFinderViewController.m in Sources */,
				CE23730B18F385B400917970 /* HowToUseViewController.m in Sources */,
				CE23730718F384FB00917970 /* WelcomeGoGeoViewController.m in Sources */,
				E21F9A6218E8DDE70029BA85 /* ALRadialButton.m in Sources */,
				E2E0577218F36E0700315297 /* GGAddContentViewController.m in Sources */,
				E2E711CB18C1AAF900F5EAC1 /* SettingsViewController.m in Sources */,
				E234E85518E00AF300E2B16D /* ContentView.m in Sources */,
				CE23731418F3962C00917970 /* SignUpViewController.m in Sources */,
			);
			runOnlyForDeploymentPostprocessing = 0;
		};
		CEA6D36B18BD4E2800F36A35 /* Sources */ = {
			isa = PBXSourcesBuildPhase;
			buildActionMask = 2147483647;
			files = (
				CEA6D37D18BD4E2800F36A35 /* iFindTests.m in Sources */,
			);
			runOnlyForDeploymentPostprocessing = 0;
		};
/* End PBXSourcesBuildPhase section */

/* Begin PBXTargetDependency section */
		CEA6D37518BD4E2800F36A35 /* PBXTargetDependency */ = {
			isa = PBXTargetDependency;
			target = CEA6D35318BD4E2700F36A35 /* iFind */;
			targetProxy = CEA6D37418BD4E2800F36A35 /* PBXContainerItemProxy */;
		};
/* End PBXTargetDependency section */

/* Begin PBXVariantGroup section */
		CEA6D36018BD4E2800F36A35 /* InfoPlist.strings */ = {
			isa = PBXVariantGroup;
			children = (
				CEA6D36118BD4E2800F36A35 /* en */,
			);
			name = InfoPlist.strings;
			sourceTree = "<group>";
		};
		CEA6D37918BD4E2800F36A35 /* InfoPlist.strings */ = {
			isa = PBXVariantGroup;
			children = (
				CEA6D37A18BD4E2800F36A35 /* en */,
			);
			name = InfoPlist.strings;
			sourceTree = "<group>";
		};
/* End PBXVariantGroup section */

/* Begin XCBuildConfiguration section */
		CEA6D37E18BD4E2800F36A35 /* Debug */ = {
			isa = XCBuildConfiguration;
			buildSettings = {
				ALWAYS_SEARCH_USER_PATHS = NO;
				CLANG_CXX_LANGUAGE_STANDARD = "gnu++0x";
				CLANG_CXX_LIBRARY = "libc++";
				CLANG_ENABLE_MODULES = YES;
				CLANG_ENABLE_OBJC_ARC = YES;
				CLANG_WARN_BOOL_CONVERSION = YES;
				CLANG_WARN_CONSTANT_CONVERSION = YES;
				CLANG_WARN_DIRECT_OBJC_ISA_USAGE = YES_ERROR;
				CLANG_WARN_EMPTY_BODY = YES;
				CLANG_WARN_ENUM_CONVERSION = YES;
				CLANG_WARN_INT_CONVERSION = YES;
				CLANG_WARN_OBJC_ROOT_CLASS = YES_ERROR;
				CLANG_WARN__DUPLICATE_METHOD_MATCH = YES;
				"CODE_SIGN_IDENTITY[sdk=iphoneos*]" = "iPhone Developer";
				COPY_PHASE_STRIP = NO;
				GCC_C_LANGUAGE_STANDARD = gnu99;
				GCC_DYNAMIC_NO_PIC = NO;
				GCC_OPTIMIZATION_LEVEL = 0;
				GCC_PREPROCESSOR_DEFINITIONS = (
					"DEBUG=1",
					"$(inherited)",
				);
				GCC_SYMBOLS_PRIVATE_EXTERN = NO;
				GCC_WARN_64_TO_32_BIT_CONVERSION = YES;
				GCC_WARN_ABOUT_RETURN_TYPE = YES_ERROR;
				GCC_WARN_UNDECLARED_SELECTOR = YES;
				GCC_WARN_UNINITIALIZED_AUTOS = YES;
				GCC_WARN_UNUSED_FUNCTION = YES;
				GCC_WARN_UNUSED_VARIABLE = YES;
				IPHONEOS_DEPLOYMENT_TARGET = 7.0;
				ONLY_ACTIVE_ARCH = YES;
				SDKROOT = iphoneos;
			};
			name = Debug;
		};
		CEA6D37F18BD4E2800F36A35 /* Release */ = {
			isa = XCBuildConfiguration;
			buildSettings = {
				ALWAYS_SEARCH_USER_PATHS = NO;
				CLANG_CXX_LANGUAGE_STANDARD = "gnu++0x";
				CLANG_CXX_LIBRARY = "libc++";
				CLANG_ENABLE_MODULES = YES;
				CLANG_ENABLE_OBJC_ARC = YES;
				CLANG_WARN_BOOL_CONVERSION = YES;
				CLANG_WARN_CONSTANT_CONVERSION = YES;
				CLANG_WARN_DIRECT_OBJC_ISA_USAGE = YES_ERROR;
				CLANG_WARN_EMPTY_BODY = YES;
				CLANG_WARN_ENUM_CONVERSION = YES;
				CLANG_WARN_INT_CONVERSION = YES;
				CLANG_WARN_OBJC_ROOT_CLASS = YES_ERROR;
				CLANG_WARN__DUPLICATE_METHOD_MATCH = YES;
				"CODE_SIGN_IDENTITY[sdk=iphoneos*]" = "iPhone Developer";
				COPY_PHASE_STRIP = YES;
				ENABLE_NS_ASSERTIONS = NO;
				GCC_C_LANGUAGE_STANDARD = gnu99;
				GCC_WARN_64_TO_32_BIT_CONVERSION = YES;
				GCC_WARN_ABOUT_RETURN_TYPE = YES_ERROR;
				GCC_WARN_UNDECLARED_SELECTOR = YES;
				GCC_WARN_UNINITIALIZED_AUTOS = YES;
				GCC_WARN_UNUSED_FUNCTION = YES;
				GCC_WARN_UNUSED_VARIABLE = YES;
				IPHONEOS_DEPLOYMENT_TARGET = 7.0;
				SDKROOT = iphoneos;
				VALIDATE_PRODUCT = YES;
			};
			name = Release;
		};
		CEA6D38118BD4E2800F36A35 /* Debug */ = {
			isa = XCBuildConfiguration;
			buildSettings = {
				ASSETCATALOG_COMPILER_APPICON_NAME = AppIcon;
				ASSETCATALOG_COMPILER_LAUNCHIMAGE_NAME = LaunchImage;
				CODE_SIGN_IDENTITY = "iPhone Developer";
				FRAMEWORK_SEARCH_PATHS = (
					"$(inherited)",
					.,
				);
				GCC_PRECOMPILE_PREFIX_HEADER = YES;
				GCC_PREFIX_HEADER = "iFind/iFind-Prefix.pch";
				INFOPLIST_FILE = "iFind/iFind-Info.plist";
				PRODUCT_NAME = "$(TARGET_NAME)";
				WRAPPER_EXTENSION = app;
			};
			name = Debug;
		};
		CEA6D38218BD4E2800F36A35 /* Release */ = {
			isa = XCBuildConfiguration;
			buildSettings = {
				ASSETCATALOG_COMPILER_APPICON_NAME = AppIcon;
				ASSETCATALOG_COMPILER_LAUNCHIMAGE_NAME = LaunchImage;
				CODE_SIGN_IDENTITY = "iPhone Developer";
				FRAMEWORK_SEARCH_PATHS = (
					"$(inherited)",
					.,
				);
				GCC_PRECOMPILE_PREFIX_HEADER = YES;
				GCC_PREFIX_HEADER = "iFind/iFind-Prefix.pch";
				INFOPLIST_FILE = "iFind/iFind-Info.plist";
				PRODUCT_NAME = "$(TARGET_NAME)";
				WRAPPER_EXTENSION = app;
			};
			name = Release;
		};
		CEA6D38418BD4E2800F36A35 /* Debug */ = {
			isa = XCBuildConfiguration;
			buildSettings = {
				BUNDLE_LOADER = "$(BUILT_PRODUCTS_DIR)/iFind.app/iFind";
				FRAMEWORK_SEARCH_PATHS = (
					"$(SDKROOT)/Developer/Library/Frameworks",
					"$(inherited)",
					"$(DEVELOPER_FRAMEWORKS_DIR)",
				);
				GCC_PRECOMPILE_PREFIX_HEADER = YES;
				GCC_PREFIX_HEADER = "iFind/iFind-Prefix.pch";
				GCC_PREPROCESSOR_DEFINITIONS = (
					"DEBUG=1",
					"$(inherited)",
				);
				INFOPLIST_FILE = "iFindTests/iFindTests-Info.plist";
				PRODUCT_NAME = "$(TARGET_NAME)";
				TEST_HOST = "$(BUNDLE_LOADER)";
				WRAPPER_EXTENSION = xctest;
			};
			name = Debug;
		};
		CEA6D38518BD4E2800F36A35 /* Release */ = {
			isa = XCBuildConfiguration;
			buildSettings = {
				BUNDLE_LOADER = "$(BUILT_PRODUCTS_DIR)/iFind.app/iFind";
				FRAMEWORK_SEARCH_PATHS = (
					"$(SDKROOT)/Developer/Library/Frameworks",
					"$(inherited)",
					"$(DEVELOPER_FRAMEWORKS_DIR)",
				);
				GCC_PRECOMPILE_PREFIX_HEADER = YES;
				GCC_PREFIX_HEADER = "iFind/iFind-Prefix.pch";
				INFOPLIST_FILE = "iFindTests/iFindTests-Info.plist";
				PRODUCT_NAME = "$(TARGET_NAME)";
				TEST_HOST = "$(BUNDLE_LOADER)";
				WRAPPER_EXTENSION = xctest;
			};
			name = Release;
		};
/* End XCBuildConfiguration section */

/* Begin XCConfigurationList section */
		CEA6D34F18BD4E2700F36A35 /* Build configuration list for PBXProject "iFind" */ = {
			isa = XCConfigurationList;
			buildConfigurations = (
				CEA6D37E18BD4E2800F36A35 /* Debug */,
				CEA6D37F18BD4E2800F36A35 /* Release */,
			);
			defaultConfigurationIsVisible = 0;
			defaultConfigurationName = Release;
		};
		CEA6D38018BD4E2800F36A35 /* Build configuration list for PBXNativeTarget "iFind" */ = {
			isa = XCConfigurationList;
			buildConfigurations = (
				CEA6D38118BD4E2800F36A35 /* Debug */,
				CEA6D38218BD4E2800F36A35 /* Release */,
			);
			defaultConfigurationIsVisible = 0;
			defaultConfigurationName = Release;
		};
		CEA6D38318BD4E2800F36A35 /* Build configuration list for PBXNativeTarget "iFindTests" */ = {
			isa = XCConfigurationList;
			buildConfigurations = (
				CEA6D38418BD4E2800F36A35 /* Debug */,
				CEA6D38518BD4E2800F36A35 /* Release */,
			);
			defaultConfigurationIsVisible = 0;
			defaultConfigurationName = Release;
		};
/* End XCConfigurationList section */
	};
	rootObject = CEA6D34C18BD4E2700F36A35 /* Project object */;
}
