// !$*UTF8*$!
{
	archiveVersion = 1;
	classes = {
	};
	objectVersion = 46;
	objects = {

/* Begin PBXBuildFile section */
		CE3E63D118BD55A400A5DCD7 /* GemFinderViewController.m in Sources */ = {isa = PBXBuildFile; fileRef = CE3E63D018BD55A400A5DCD7 /* GemFinderViewController.m */; };
		CEA6D35818BD4E2800F36A35 /* Foundation.framework in Frameworks */ = {isa = PBXBuildFile; fileRef = CEA6D35718BD4E2700F36A35 /* Foundation.framework */; };
		CEA6D35A18BD4E2800F36A35 /* CoreGraphics.framework in Frameworks */ = {isa = PBXBuildFile; fileRef = CEA6D35918BD4E2800F36A35 /* CoreGraphics.framework */; };
		CEA6D35C18BD4E2800F36A35 /* UIKit.framework in Frameworks */ = {isa = PBXBuildFile; fileRef = CEA6D35B18BD4E2800F36A35 /* UIKit.framework */; };
		CEA6D36218BD4E2800F36A35 /* InfoPlist.strings in Resources */ = {isa = PBXBuildFile; fileRef = CEA6D36018BD4E2800F36A35 /* InfoPlist.strings */; };
		CEA6D36418BD4E2800F36A35 /* main.m in Sources */ = {isa = PBXBuildFile; fileRef = CEA6D36318BD4E2800F36A35 /* main.m */; };
		CEA6D36818BD4E2800F36A35 /* AppDelegate.m in Sources */ = {isa = PBXBuildFile; fileRef = CEA6D36718BD4E2800F36A35 /* AppDelegate.m */; };
		CEA6D36A18BD4E2800F36A35 /* Images.xcassets in Resources */ = {isa = PBXBuildFile; fileRef = CEA6D36918BD4E2800F36A35 /* Images.xcassets */; };
		CEA6D37118BD4E2800F36A35 /* XCTest.framework in Frameworks */ = {isa = PBXBuildFile; fileRef = CEA6D37018BD4E2800F36A35 /* XCTest.framework */; };
		CEA6D37218BD4E2800F36A35 /* Foundation.framework in Frameworks */ = {isa = PBXBuildFile; fileRef = CEA6D35718BD4E2700F36A35 /* Foundation.framework */; };
		CEA6D37318BD4E2800F36A35 /* UIKit.framework in Frameworks */ = {isa = PBXBuildFile; fileRef = CEA6D35B18BD4E2800F36A35 /* UIKit.framework */; };
		CEA6D37B18BD4E2800F36A35 /* InfoPlist.strings in Resources */ = {isa = PBXBuildFile; fileRef = CEA6D37918BD4E2800F36A35 /* InfoPlist.strings */; };
		CEA6D37D18BD4E2800F36A35 /* iFindTests.m in Sources */ = {isa = PBXBuildFile; fileRef = CEA6D37C18BD4E2800F36A35 /* iFindTests.m */; };
		CEA6D38718BD4E8000F36A35 /* MapKit.framework in Frameworks */ = {isa = PBXBuildFile; fileRef = CEA6D38618BD4E8000F36A35 /* MapKit.framework */; };
		CEA6D38B18BD505700F36A35 /* Parse.framework in Frameworks */ = {isa = PBXBuildFile; fileRef = CEA6D38A18BD505700F36A35 /* Parse.framework */; };
		CEA6D38D18BD517500F36A35 /* AudioToolbox.framework in Frameworks */ = {isa = PBXBuildFile; fileRef = CEA6D38C18BD517500F36A35 /* AudioToolbox.framework */; };
		CEA6D38F18BD518200F36A35 /* CFNetwork.framework in Frameworks */ = {isa = PBXBuildFile; fileRef = CEA6D38E18BD518200F36A35 /* CFNetwork.framework */; };
		CEA6D39118BD519100F36A35 /* CoreLocation.framework in Frameworks */ = {isa = PBXBuildFile; fileRef = CEA6D39018BD519100F36A35 /* CoreLocation.framework */; };
		CEA6D39318BD51A100F36A35 /* libz.dylib in Frameworks */ = {isa = PBXBuildFile; fileRef = CEA6D39218BD51A100F36A35 /* libz.dylib */; };
		CEA6D39518BD51AD00F36A35 /* MobileCoreServices.framework in Frameworks */ = {isa = PBXBuildFile; fileRef = CEA6D39418BD51AD00F36A35 /* MobileCoreServices.framework */; };
		CEA6D39718BD51BC00F36A35 /* QuartzCore.framework in Frameworks */ = {isa = PBXBuildFile; fileRef = CEA6D39618BD51BC00F36A35 /* QuartzCore.framework */; };
		CEA6D39918BD51C600F36A35 /* Security.framework in Frameworks */ = {isa = PBXBuildFile; fileRef = CEA6D39818BD51C600F36A35 /* Security.framework */; };
		CEA6D39D18BD51DD00F36A35 /* SystemConfiguration.framework in Frameworks */ = {isa = PBXBuildFile; fileRef = CEA6D39C18BD51DD00F36A35 /* SystemConfiguration.framework */; };
		E2CC0AF918BE95E3008B6094 /* compass@2x.png in Resources */ = {isa = PBXBuildFile; fileRef = E2CC0AF818BE95E3008B6094 /* compass@2x.png */; };
		E2CC0AFB18BE964A008B6094 /* compass.png in Resources */ = {isa = PBXBuildFile; fileRef = E2CC0AFA18BE964A008B6094 /* compass.png */; };
		E2CC0B0018BE96ED008B6094 /* BounceMenuController.m in Sources */ = {isa = PBXBuildFile; fileRef = E2CC0AFF18BE96ED008B6094 /* BounceMenuController.m */; };
		E2CC0B0318BE96F7008B6094 /* PlusButton.m in Sources */ = {isa = PBXBuildFile; fileRef = E2CC0B0218BE96F7008B6094 /* PlusButton.m */; };
		E2CC0B0518BE9AF9008B6094 /* barDivider.png in Resources */ = {isa = PBXBuildFile; fileRef = E2CC0B0418BE9AF9008B6094 /* barDivider.png */; };
		E2CC0B1118BEC3ED008B6094 /* FacebookSDK.framework in Frameworks */ = {isa = PBXBuildFile; fileRef = E2CC0B1018BEC3ED008B6094 /* FacebookSDK.framework */; };
		E2E711BE18C17DB100F5EAC1 /* Main.storyboard in Resources */ = {isa = PBXBuildFile; fileRef = E2E711BD18C17DB100F5EAC1 /* Main.storyboard */; };
		E2E711C718C1AAD600F5EAC1 /* settingsGear.png in Resources */ = {isa = PBXBuildFile; fileRef = E2E711C518C1AAD600F5EAC1 /* settingsGear.png */; };
		E2E711C818C1AAD600F5EAC1 /* settingsGear@2x.png in Resources */ = {isa = PBXBuildFile; fileRef = E2E711C618C1AAD600F5EAC1 /* settingsGear@2x.png */; };
		E2E711CB18C1AAF900F5EAC1 /* SettingsViewController.m in Sources */ = {isa = PBXBuildFile; fileRef = E2E711CA18C1AAF900F5EAC1 /* SettingsViewController.m */; };
		E2E7CD9918C1761100C20286 /* WelcomeViewController.m in Sources */ = {isa = PBXBuildFile; fileRef = E2E7CD9818C1761100C20286 /* WelcomeViewController.m */; };
/* End PBXBuildFile section */

/* Begin PBXContainerItemProxy section */
		CEA6D37418BD4E2800F36A35 /* PBXContainerItemProxy */ = {
			isa = PBXContainerItemProxy;
			containerPortal = CEA6D34C18BD4E2700F36A35 /* Project object */;
			proxyType = 1;
			remoteGlobalIDString = CEA6D35318BD4E2700F36A35;
			remoteInfo = iFind;
		};
/* End PBXContainerItemProxy section */

/* Begin PBXFileReference section */
		CE3E63CF18BD55A400A5DCD7 /* GemFinderViewController.h */ = {isa = PBXFileReference; fileEncoding = 4; lastKnownFileType = sourcecode.c.h; path = GemFinderViewController.h; sourceTree = "<group>"; };
		CE3E63D018BD55A400A5DCD7 /* GemFinderViewController.m */ = {isa = PBXFileReference; fileEncoding = 4; lastKnownFileType = sourcecode.c.objc; path = GemFinderViewController.m; sourceTree = "<group>"; };
		CEA6D35418BD4E2700F36A35 /* iFind.app */ = {isa = PBXFileReference; explicitFileType = wrapper.application; includeInIndex = 0; path = iFind.app; sourceTree = BUILT_PRODUCTS_DIR; };
		CEA6D35718BD4E2700F36A35 /* Foundation.framework */ = {isa = PBXFileReference; lastKnownFileType = wrapper.framework; name = Foundation.framework; path = System/Library/Frameworks/Foundation.framework; sourceTree = SDKROOT; };
		CEA6D35918BD4E2800F36A35 /* CoreGraphics.framework */ = {isa = PBXFileReference; lastKnownFileType = wrapper.framework; name = CoreGraphics.framework; path = System/Library/Frameworks/CoreGraphics.framework; sourceTree = SDKROOT; };
		CEA6D35B18BD4E2800F36A35 /* UIKit.framework */ = {isa = PBXFileReference; lastKnownFileType = wrapper.framework; name = UIKit.framework; path = System/Library/Frameworks/UIKit.framework; sourceTree = SDKROOT; };
		CEA6D35F18BD4E2800F36A35 /* iFind-Info.plist */ = {isa = PBXFileReference; lastKnownFileType = text.plist.xml; path = "iFind-Info.plist"; sourceTree = "<group>"; };
		CEA6D36118BD4E2800F36A35 /* en */ = {isa = PBXFileReference; lastKnownFileType = text.plist.strings; name = en; path = en.lproj/InfoPlist.strings; sourceTree = "<group>"; };
		CEA6D36318BD4E2800F36A35 /* main.m */ = {isa = PBXFileReference; lastKnownFileType = sourcecode.c.objc; path = main.m; sourceTree = "<group>"; };
		CEA6D36518BD4E2800F36A35 /* iFind-Prefix.pch */ = {isa = PBXFileReference; lastKnownFileType = sourcecode.c.h; path = "iFind-Prefix.pch"; sourceTree = "<group>"; };
		CEA6D36618BD4E2800F36A35 /* AppDelegate.h */ = {isa = PBXFileReference; lastKnownFileType = sourcecode.c.h; path = AppDelegate.h; sourceTree = "<group>"; };
		CEA6D36718BD4E2800F36A35 /* AppDelegate.m */ = {isa = PBXFileReference; lastKnownFileType = sourcecode.c.objc; path = AppDelegate.m; sourceTree = "<group>"; };
		CEA6D36918BD4E2800F36A35 /* Images.xcassets */ = {isa = PBXFileReference; lastKnownFileType = folder.assetcatalog; path = Images.xcassets; sourceTree = "<group>"; };
		CEA6D36F18BD4E2800F36A35 /* iFindTests.xctest */ = {isa = PBXFileReference; explicitFileType = wrapper.cfbundle; includeInIndex = 0; path = iFindTests.xctest; sourceTree = BUILT_PRODUCTS_DIR; };
		CEA6D37018BD4E2800F36A35 /* XCTest.framework */ = {isa = PBXFileReference; lastKnownFileType = wrapper.framework; name = XCTest.framework; path = Library/Frameworks/XCTest.framework; sourceTree = DEVELOPER_DIR; };
		CEA6D37818BD4E2800F36A35 /* iFindTests-Info.plist */ = {isa = PBXFileReference; lastKnownFileType = text.plist.xml; path = "iFindTests-Info.plist"; sourceTree = "<group>"; };
		CEA6D37A18BD4E2800F36A35 /* en */ = {isa = PBXFileReference; lastKnownFileType = text.plist.strings; name = en; path = en.lproj/InfoPlist.strings; sourceTree = "<group>"; };
		CEA6D37C18BD4E2800F36A35 /* iFindTests.m */ = {isa = PBXFileReference; lastKnownFileType = sourcecode.c.objc; path = iFindTests.m; sourceTree = "<group>"; };
		CEA6D38618BD4E8000F36A35 /* MapKit.framework */ = {isa = PBXFileReference; lastKnownFileType = wrapper.framework; name = MapKit.framework; path = System/Library/Frameworks/MapKit.framework; sourceTree = SDKROOT; };
		CEA6D38A18BD505700F36A35 /* Parse.framework */ = {isa = PBXFileReference; lastKnownFileType = wrapper.framework; path = Parse.framework; sourceTree = "<group>"; };
		CEA6D38C18BD517500F36A35 /* AudioToolbox.framework */ = {isa = PBXFileReference; lastKnownFileType = wrapper.framework; name = AudioToolbox.framework; path = System/Library/Frameworks/AudioToolbox.framework; sourceTree = SDKROOT; };
		CEA6D38E18BD518200F36A35 /* CFNetwork.framework */ = {isa = PBXFileReference; lastKnownFileType = wrapper.framework; name = CFNetwork.framework; path = System/Library/Frameworks/CFNetwork.framework; sourceTree = SDKROOT; };
		CEA6D39018BD519100F36A35 /* CoreLocation.framework */ = {isa = PBXFileReference; lastKnownFileType = wrapper.framework; name = CoreLocation.framework; path = System/Library/Frameworks/CoreLocation.framework; sourceTree = SDKROOT; };
		CEA6D39218BD51A100F36A35 /* libz.dylib */ = {isa = PBXFileReference; lastKnownFileType = "compiled.mach-o.dylib"; name = libz.dylib; path = usr/lib/libz.dylib; sourceTree = SDKROOT; };
		CEA6D39418BD51AD00F36A35 /* MobileCoreServices.framework */ = {isa = PBXFileReference; lastKnownFileType = wrapper.framework; name = MobileCoreServices.framework; path = System/Library/Frameworks/MobileCoreServices.framework; sourceTree = SDKROOT; };
		CEA6D39618BD51BC00F36A35 /* QuartzCore.framework */ = {isa = PBXFileReference; lastKnownFileType = wrapper.framework; name = QuartzCore.framework; path = System/Library/Frameworks/QuartzCore.framework; sourceTree = SDKROOT; };
		CEA6D39818BD51C600F36A35 /* Security.framework */ = {isa = PBXFileReference; lastKnownFileType = wrapper.framework; name = Security.framework; path = System/Library/Frameworks/Security.framework; sourceTree = SDKROOT; };
		CEA6D39C18BD51DD00F36A35 /* SystemConfiguration.framework */ = {isa = PBXFileReference; lastKnownFileType = wrapper.framework; name = SystemConfiguration.framework; path = System/Library/Frameworks/SystemConfiguration.framework; sourceTree = SDKROOT; };
		E2CC0AF818BE95E3008B6094 /* compass@2x.png */ = {isa = PBXFileReference; lastKnownFileType = image.png; path = "compass@2x.png"; sourceTree = "<group>"; };
		E2CC0AFA18BE964A008B6094 /* compass.png */ = {isa = PBXFileReference; lastKnownFileType = image.png; path = compass.png; sourceTree = "<group>"; };
		E2CC0AFE18BE96EC008B6094 /* BounceMenuController.h */ = {isa = PBXFileReference; fileEncoding = 4; lastKnownFileType = sourcecode.c.h; path = BounceMenuController.h; sourceTree = "<group>"; };
		E2CC0AFF18BE96ED008B6094 /* BounceMenuController.m */ = {isa = PBXFileReference; fileEncoding = 4; lastKnownFileType = sourcecode.c.objc; path = BounceMenuController.m; sourceTree = "<group>"; };
		E2CC0B0118BE96F7008B6094 /* PlusButton.h */ = {isa = PBXFileReference; fileEncoding = 4; lastKnownFileType = sourcecode.c.h; path = PlusButton.h; sourceTree = "<group>"; };
		E2CC0B0218BE96F7008B6094 /* PlusButton.m */ = {isa = PBXFileReference; fileEncoding = 4; lastKnownFileType = sourcecode.c.objc; path = PlusButton.m; sourceTree = "<group>"; };
		E2CC0B0418BE9AF9008B6094 /* barDivider.png */ = {isa = PBXFileReference; lastKnownFileType = image.png; path = barDivider.png; sourceTree = "<group>"; };
		E2CC0B1018BEC3ED008B6094 /* FacebookSDK.framework */ = {isa = PBXFileReference; lastKnownFileType = wrapper.framework; path = FacebookSDK.framework; sourceTree = "<group>"; };
		E2E711BD18C17DB100F5EAC1 /* Main.storyboard */ = {isa = PBXFileReference; fileEncoding = 4; lastKnownFileType = file.storyboard; path = Main.storyboard; sourceTree = "<group>"; };
		E2E711C518C1AAD600F5EAC1 /* settingsGear.png */ = {isa = PBXFileReference; lastKnownFileType = image.png; path = settingsGear.png; sourceTree = "<group>"; };
		E2E711C618C1AAD600F5EAC1 /* settingsGear@2x.png */ = {isa = PBXFileReference; lastKnownFileType = image.png; path = "settingsGear@2x.png"; sourceTree = "<group>"; };
		E2E711C918C1AAF900F5EAC1 /* SettingsViewController.h */ = {isa = PBXFileReference; fileEncoding = 4; lastKnownFileType = sourcecode.c.h; path = SettingsViewController.h; sourceTree = "<group>"; };
		E2E711CA18C1AAF900F5EAC1 /* SettingsViewController.m */ = {isa = PBXFileReference; fileEncoding = 4; lastKnownFileType = sourcecode.c.objc; path = SettingsViewController.m; sourceTree = "<group>"; };
		E2E7CD9718C1761100C20286 /* WelcomeViewController.h */ = {isa = PBXFileReference; fileEncoding = 4; lastKnownFileType = sourcecode.c.h; path = WelcomeViewController.h; sourceTree = "<group>"; };
		E2E7CD9818C1761100C20286 /* WelcomeViewController.m */ = {isa = PBXFileReference; fileEncoding = 4; lastKnownFileType = sourcecode.c.objc; path = WelcomeViewController.m; sourceTree = "<group>"; };
/* End PBXFileReference section */

/* Begin PBXFrameworksBuildPhase section */
		CEA6D35118BD4E2700F36A35 /* Frameworks */ = {
			isa = PBXFrameworksBuildPhase;
			buildActionMask = 2147483647;
			files = (
				CEA6D39D18BD51DD00F36A35 /* SystemConfiguration.framework in Frameworks */,
				CEA6D39918BD51C600F36A35 /* Security.framework in Frameworks */,
				CEA6D39718BD51BC00F36A35 /* QuartzCore.framework in Frameworks */,
				CEA6D38B18BD505700F36A35 /* Parse.framework in Frameworks */,
				CEA6D39518BD51AD00F36A35 /* MobileCoreServices.framework in Frameworks */,
				CEA6D39318BD51A100F36A35 /* libz.dylib in Frameworks */,
				CEA6D39118BD519100F36A35 /* CoreLocation.framework in Frameworks */,
				CEA6D38F18BD518200F36A35 /* CFNetwork.framework in Frameworks */,
				CEA6D38D18BD517500F36A35 /* AudioToolbox.framework in Frameworks */,
				CEA6D35A18BD4E2800F36A35 /* CoreGraphics.framework in Frameworks */,
				CEA6D35C18BD4E2800F36A35 /* UIKit.framework in Frameworks */,
				CEA6D38718BD4E8000F36A35 /* MapKit.framework in Frameworks */,
				CEA6D35818BD4E2800F36A35 /* Foundation.framework in Frameworks */,
				E2CC0B1118BEC3ED008B6094 /* FacebookSDK.framework in Frameworks */,
			);
			runOnlyForDeploymentPostprocessing = 0;
		};
		CEA6D36C18BD4E2800F36A35 /* Frameworks */ = {
			isa = PBXFrameworksBuildPhase;
			buildActionMask = 2147483647;
			files = (
				CEA6D37118BD4E2800F36A35 /* XCTest.framework in Frameworks */,
				CEA6D37318BD4E2800F36A35 /* UIKit.framework in Frameworks */,
				CEA6D37218BD4E2800F36A35 /* Foundation.framework in Frameworks */,
			);
			runOnlyForDeploymentPostprocessing = 0;
		};
/* End PBXFrameworksBuildPhase section */

/* Begin PBXGroup section */
		CEA6D34B18BD4E2700F36A35 = {
			isa = PBXGroup;
			children = (
				CEA6D35D18BD4E2800F36A35 /* iFind */,
				CEA6D37618BD4E2800F36A35 /* iFindTests */,
				CEA6D35618BD4E2700F36A35 /* Frameworks */,
				CEA6D35518BD4E2700F36A35 /* Products */,
			);
			sourceTree = "<group>";
		};
		CEA6D35518BD4E2700F36A35 /* Products */ = {
			isa = PBXGroup;
			children = (
				CEA6D35418BD4E2700F36A35 /* iFind.app */,
				CEA6D36F18BD4E2800F36A35 /* iFindTests.xctest */,
			);
			name = Products;
			sourceTree = "<group>";
		};
		CEA6D35618BD4E2700F36A35 /* Frameworks */ = {
			isa = PBXGroup;
			children = (
				E2CC0B1018BEC3ED008B6094 /* FacebookSDK.framework */,
				CEA6D39C18BD51DD00F36A35 /* SystemConfiguration.framework */,
				CEA6D39818BD51C600F36A35 /* Security.framework */,
				CEA6D39618BD51BC00F36A35 /* QuartzCore.framework */,
				CEA6D39418BD51AD00F36A35 /* MobileCoreServices.framework */,
				CEA6D39218BD51A100F36A35 /* libz.dylib */,
				CEA6D39018BD519100F36A35 /* CoreLocation.framework */,
				CEA6D38E18BD518200F36A35 /* CFNetwork.framework */,
				CEA6D38C18BD517500F36A35 /* AudioToolbox.framework */,
				CEA6D38A18BD505700F36A35 /* Parse.framework */,
				CEA6D38618BD4E8000F36A35 /* MapKit.framework */,
				CEA6D35718BD4E2700F36A35 /* Foundation.framework */,
				CEA6D35918BD4E2800F36A35 /* CoreGraphics.framework */,
				CEA6D35B18BD4E2800F36A35 /* UIKit.framework */,
				CEA6D37018BD4E2800F36A35 /* XCTest.framework */,
			);
			name = Frameworks;
			sourceTree = "<group>";
		};
		CEA6D35D18BD4E2800F36A35 /* iFind */ = {
			isa = PBXGroup;
			children = (
				E2CC0B0F18BEB7E8008B6094 /* Models */,
				E2CC0B0918BEA48E008B6094 /* Controllers */,
				E2CC0B0618BE9C2B008B6094 /* Assets */,
				CEA6D36618BD4E2800F36A35 /* AppDelegate.h */,
				CEA6D36718BD4E2800F36A35 /* AppDelegate.m */,
				CEA6D36918BD4E2800F36A35 /* Images.xcassets */,
				CEA6D35E18BD4E2800F36A35 /* Supporting Files */,
				E2E711BD18C17DB100F5EAC1 /* Main.storyboard */,
			);
			path = iFind;
			sourceTree = "<group>";
		};
		CEA6D35E18BD4E2800F36A35 /* Supporting Files */ = {
			isa = PBXGroup;
			children = (
				CEA6D35F18BD4E2800F36A35 /* iFind-Info.plist */,
				CEA6D36018BD4E2800F36A35 /* InfoPlist.strings */,
				CEA6D36318BD4E2800F36A35 /* main.m */,
				CEA6D36518BD4E2800F36A35 /* iFind-Prefix.pch */,
			);
			name = "Supporting Files";
			sourceTree = "<group>";
		};
		CEA6D37618BD4E2800F36A35 /* iFindTests */ = {
			isa = PBXGroup;
			children = (
				CEA6D37C18BD4E2800F36A35 /* iFindTests.m */,
				CEA6D37718BD4E2800F36A35 /* Supporting Files */,
			);
			path = iFindTests;
			sourceTree = "<group>";
		};
		CEA6D37718BD4E2800F36A35 /* Supporting Files */ = {
			isa = PBXGroup;
			children = (
				CEA6D37818BD4E2800F36A35 /* iFindTests-Info.plist */,
				CEA6D37918BD4E2800F36A35 /* InfoPlist.strings */,
			);
			name = "Supporting Files";
			sourceTree = "<group>";
		};
		E2CC0B0618BE9C2B008B6094 /* Assets */ = {
			isa = PBXGroup;
			children = (
				E2E711C518C1AAD600F5EAC1 /* settingsGear.png */,
				E2E711C618C1AAD600F5EAC1 /* settingsGear@2x.png */,
				E2CC0B0418BE9AF9008B6094 /* barDivider.png */,
				E2CC0AFA18BE964A008B6094 /* compass.png */,
				E2CC0AF818BE95E3008B6094 /* compass@2x.png */,
			);
			name = Assets;
			sourceTree = "<group>";
		};
		E2CC0B0918BEA48E008B6094 /* Controllers */ = {
			isa = PBXGroup;
			children = (
				E2CC0AFE18BE96EC008B6094 /* BounceMenuController.h */,
				E2CC0AFF18BE96ED008B6094 /* BounceMenuController.m */,
				CE3E63CF18BD55A400A5DCD7 /* GemFinderViewController.h */,
				CE3E63D018BD55A400A5DCD7 /* GemFinderViewController.m */,
				E2E7CD9718C1761100C20286 /* WelcomeViewController.h */,
				E2E7CD9818C1761100C20286 /* WelcomeViewController.m */,
				E2E711C918C1AAF900F5EAC1 /* SettingsViewController.h */,
				E2E711CA18C1AAF900F5EAC1 /* SettingsViewController.m */,
			);
			name = Controllers;
			sourceTree = "<group>";
		};
		E2CC0B0F18BEB7E8008B6094 /* Models */ = {
			isa = PBXGroup;
			children = (
				E2CC0B0118BE96F7008B6094 /* PlusButton.h */,
				E2CC0B0218BE96F7008B6094 /* PlusButton.m */,
			);
			name = Models;
			sourceTree = "<group>";
		};
/* End PBXGroup section */

/* Begin PBXNativeTarget section */
		CEA6D35318BD4E2700F36A35 /* iFind */ = {
			isa = PBXNativeTarget;
			buildConfigurationList = CEA6D38018BD4E2800F36A35 /* Build configuration list for PBXNativeTarget "iFind" */;
			buildPhases = (
				CEA6D35018BD4E2700F36A35 /* Sources */,
				CEA6D35118BD4E2700F36A35 /* Frameworks */,
				CEA6D35218BD4E2700F36A35 /* Resources */,
			);
			buildRules = (
			);
			dependencies = (
			);
			name = iFind;
			productName = iFind;
			productReference = CEA6D35418BD4E2700F36A35 /* iFind.app */;
			productType = "com.apple.product-type.application";
		};
		CEA6D36E18BD4E2800F36A35 /* iFindTests */ = {
			isa = PBXNativeTarget;
			buildConfigurationList = CEA6D38318BD4E2800F36A35 /* Build configuration list for PBXNativeTarget "iFindTests" */;
			buildPhases = (
				CEA6D36B18BD4E2800F36A35 /* Sources */,
				CEA6D36C18BD4E2800F36A35 /* Frameworks */,
				CEA6D36D18BD4E2800F36A35 /* Resources */,
			);
			buildRules = (
			);
			dependencies = (
				CEA6D37518BD4E2800F36A35 /* PBXTargetDependency */,
			);
			name = iFindTests;
			productName = iFindTests;
			productReference = CEA6D36F18BD4E2800F36A35 /* iFindTests.xctest */;
			productType = "com.apple.product-type.bundle.unit-test";
		};
/* End PBXNativeTarget section */

/* Begin PBXProject section */
		CEA6D34C18BD4E2700F36A35 /* Project object */ = {
			isa = PBXProject;
			attributes = {
				LastUpgradeCheck = 0500;
				ORGANIZATIONNAME = FuarkNet;
				TargetAttributes = {
					CEA6D35318BD4E2700F36A35 = {
						DevelopmentTeam = K99KPPSM33;
						SystemCapabilities = {
							com.apple.BackgroundModes = {
								enabled = 1;
							};
							com.apple.GameCenter = {
								enabled = 0;
							};
							com.apple.InAppPurchase = {
								enabled = 0;
							};
							com.apple.iOS = {
								enabled = 1;
							};
						};
					};
					CEA6D36E18BD4E2800F36A35 = {
						TestTargetID = CEA6D35318BD4E2700F36A35;
					};
				};
			};
			buildConfigurationList = CEA6D34F18BD4E2700F36A35 /* Build configuration list for PBXProject "iFind" */;
			compatibilityVersion = "Xcode 3.2";
			developmentRegion = English;
			hasScannedForEncodings = 0;
			knownRegions = (
				en,
			);
			mainGroup = CEA6D34B18BD4E2700F36A35;
			productRefGroup = CEA6D35518BD4E2700F36A35 /* Products */;
			projectDirPath = "";
			projectRoot = "";
			targets = (
				CEA6D35318BD4E2700F36A35 /* iFind */,
				CEA6D36E18BD4E2800F36A35 /* iFindTests */,
			);
		};
/* End PBXProject section */

/* Begin PBXResourcesBuildPhase section */
		CEA6D35218BD4E2700F36A35 /* Resources */ = {
			isa = PBXResourcesBuildPhase;
			buildActionMask = 2147483647;
			files = (
				E2E711C818C1AAD600F5EAC1 /* settingsGear@2x.png in Resources */,
				E2E711BE18C17DB100F5EAC1 /* Main.storyboard in Resources */,
				E2CC0AF918BE95E3008B6094 /* compass@2x.png in Resources */,
				E2CC0AFB18BE964A008B6094 /* compass.png in Resources */,
				CEA6D36218BD4E2800F36A35 /* InfoPlist.strings in Resources */,
				E2E711C718C1AAD600F5EAC1 /* settingsGear.png in Resources */,
				CEA6D36A18BD4E2800F36A35 /* Images.xcassets in Resources */,
				E2CC0B0518BE9AF9008B6094 /* barDivider.png in Resources */,
			);
			runOnlyForDeploymentPostprocessing = 0;
		};
		CEA6D36D18BD4E2800F36A35 /* Resources */ = {
			isa = PBXResourcesBuildPhase;
			buildActionMask = 2147483647;
			files = (
				CEA6D37B18BD4E2800F36A35 /* InfoPlist.strings in Resources */,
			);
			runOnlyForDeploymentPostprocessing = 0;
		};
/* End PBXResourcesBuildPhase section */

/* Begin PBXSourcesBuildPhase section */
		CEA6D35018BD4E2700F36A35 /* Sources */ = {
			isa = PBXSourcesBuildPhase;
			buildActionMask = 2147483647;
			files = (
				E2CC0B0318BE96F7008B6094 /* PlusButton.m in Sources */,
				CEA6D36818BD4E2800F36A35 /* AppDelegate.m in Sources */,
				CEA6D36418BD4E2800F36A35 /* main.m in Sources */,
				E2CC0B0018BE96ED008B6094 /* BounceMenuController.m in Sources */,
				E2E7CD9918C1761100C20286 /* WelcomeViewController.m in Sources */,
				CE3E63D118BD55A400A5DCD7 /* GemFinderViewController.m in Sources */,
				E2E711CB18C1AAF900F5EAC1 /* SettingsViewController.m in Sources */,
			);
			runOnlyForDeploymentPostprocessing = 0;
		};
		CEA6D36B18BD4E2800F36A35 /* Sources */ = {
			isa = PBXSourcesBuildPhase;
			buildActionMask = 2147483647;
			files = (
				CEA6D37D18BD4E2800F36A35 /* iFindTests.m in Sources */,
			);
			runOnlyForDeploymentPostprocessing = 0;
		};
/* End PBXSourcesBuildPhase section */

/* Begin PBXTargetDependency section */
		CEA6D37518BD4E2800F36A35 /* PBXTargetDependency */ = {
			isa = PBXTargetDependency;
			target = CEA6D35318BD4E2700F36A35 /* iFind */;
			targetProxy = CEA6D37418BD4E2800F36A35 /* PBXContainerItemProxy */;
		};
/* End PBXTargetDependency section */

/* Begin PBXVariantGroup section */
		CEA6D36018BD4E2800F36A35 /* InfoPlist.strings */ = {
			isa = PBXVariantGroup;
			children = (
				CEA6D36118BD4E2800F36A35 /* en */,
			);
			name = InfoPlist.strings;
			sourceTree = "<group>";
		};
		CEA6D37918BD4E2800F36A35 /* InfoPlist.strings */ = {
			isa = PBXVariantGroup;
			children = (
				CEA6D37A18BD4E2800F36A35 /* en */,
			);
			name = InfoPlist.strings;
			sourceTree = "<group>";
		};
/* End PBXVariantGroup section */

/* Begin XCBuildConfiguration section */
		CEA6D37E18BD4E2800F36A35 /* Debug */ = {
			isa = XCBuildConfiguration;
			buildSettings = {
				ALWAYS_SEARCH_USER_PATHS = NO;
				ARCHS = "$(ARCHS_STANDARD_INCLUDING_64_BIT)";
				CLANG_CXX_LANGUAGE_STANDARD = "gnu++0x";
				CLANG_CXX_LIBRARY = "libc++";
				CLANG_ENABLE_MODULES = YES;
				CLANG_ENABLE_OBJC_ARC = YES;
				CLANG_WARN_BOOL_CONVERSION = YES;
				CLANG_WARN_CONSTANT_CONVERSION = YES;
				CLANG_WARN_DIRECT_OBJC_ISA_USAGE = YES_ERROR;
				CLANG_WARN_EMPTY_BODY = YES;
				CLANG_WARN_ENUM_CONVERSION = YES;
				CLANG_WARN_INT_CONVERSION = YES;
				CLANG_WARN_OBJC_ROOT_CLASS = YES_ERROR;
				CLANG_WARN__DUPLICATE_METHOD_MATCH = YES;
				"CODE_SIGN_IDENTITY[sdk=iphoneos*]" = "iPhone Developer";
				COPY_PHASE_STRIP = NO;
				GCC_C_LANGUAGE_STANDARD = gnu99;
				GCC_DYNAMIC_NO_PIC = NO;
				GCC_OPTIMIZATION_LEVEL = 0;
				GCC_PREPROCESSOR_DEFINITIONS = (
					"DEBUG=1",
					"$(inherited)",
				);
				GCC_SYMBOLS_PRIVATE_EXTERN = NO;
				GCC_WARN_64_TO_32_BIT_CONVERSION = YES;
				GCC_WARN_ABOUT_RETURN_TYPE = YES_ERROR;
				GCC_WARN_UNDECLARED_SELECTOR = YES;
				GCC_WARN_UNINITIALIZED_AUTOS = YES;
				GCC_WARN_UNUSED_FUNCTION = YES;
				GCC_WARN_UNUSED_VARIABLE = YES;
				IPHONEOS_DEPLOYMENT_TARGET = 7.0;
				ONLY_ACTIVE_ARCH = YES;
				SDKROOT = iphoneos;
			};
			name = Debug;
		};
		CEA6D37F18BD4E2800F36A35 /* Release */ = {
			isa = XCBuildConfiguration;
			buildSettings = {
				ALWAYS_SEARCH_USER_PATHS = NO;
				ARCHS = "$(ARCHS_STANDARD_INCLUDING_64_BIT)";
				CLANG_CXX_LANGUAGE_STANDARD = "gnu++0x";
				CLANG_CXX_LIBRARY = "libc++";
				CLANG_ENABLE_MODULES = YES;
				CLANG_ENABLE_OBJC_ARC = YES;
				CLANG_WARN_BOOL_CONVERSION = YES;
				CLANG_WARN_CONSTANT_CONVERSION = YES;
				CLANG_WARN_DIRECT_OBJC_ISA_USAGE = YES_ERROR;
				CLANG_WARN_EMPTY_BODY = YES;
				CLANG_WARN_ENUM_CONVERSION = YES;
				CLANG_WARN_INT_CONVERSION = YES;
				CLANG_WARN_OBJC_ROOT_CLASS = YES_ERROR;
				CLANG_WARN__DUPLICATE_METHOD_MATCH = YES;
				"CODE_SIGN_IDENTITY[sdk=iphoneos*]" = "iPhone Developer";
				COPY_PHASE_STRIP = YES;
				ENABLE_NS_ASSERTIONS = NO;
				GCC_C_LANGUAGE_STANDARD = gnu99;
				GCC_WARN_64_TO_32_BIT_CONVERSION = YES;
				GCC_WARN_ABOUT_RETURN_TYPE = YES_ERROR;
				GCC_WARN_UNDECLARED_SELECTOR = YES;
				GCC_WARN_UNINITIALIZED_AUTOS = YES;
				GCC_WARN_UNUSED_FUNCTION = YES;
				GCC_WARN_UNUSED_VARIABLE = YES;
				IPHONEOS_DEPLOYMENT_TARGET = 7.0;
				SDKROOT = iphoneos;
				VALIDATE_PRODUCT = YES;
			};
			name = Release;
		};
		CEA6D38118BD4E2800F36A35 /* Debug */ = {
			isa = XCBuildConfiguration;
			buildSettings = {
				ASSETCATALOG_COMPILER_APPICON_NAME = AppIcon;
				ASSETCATALOG_COMPILER_LAUNCHIMAGE_NAME = LaunchImage;
				CODE_SIGN_IDENTITY = "iPhone Developer";
				FRAMEWORK_SEARCH_PATHS = (
					"$(inherited)",
					.,
					/Users/bradleymenchl/Documents/Courses/eecs441/iFindProject/iFind,
				);
				GCC_PRECOMPILE_PREFIX_HEADER = YES;
				GCC_PREFIX_HEADER = "iFind/iFind-Prefix.pch";
				INFOPLIST_FILE = "iFind/iFind-Info.plist";
				PRODUCT_NAME = "$(TARGET_NAME)";
				WRAPPER_EXTENSION = app;
			};
			name = Debug;
		};
		CEA6D38218BD4E2800F36A35 /* Release */ = {
			isa = XCBuildConfiguration;
			buildSettings = {
				ASSETCATALOG_COMPILER_APPICON_NAME = AppIcon;
				ASSETCATALOG_COMPILER_LAUNCHIMAGE_NAME = LaunchImage;
				CODE_SIGN_IDENTITY = "iPhone Developer";
				FRAMEWORK_SEARCH_PATHS = (
					"$(inherited)",
					.,
					/Users/bradleymenchl/Documents/Courses/eecs441/iFindProject/iFind,
				);
				GCC_PRECOMPILE_PREFIX_HEADER = YES;
				GCC_PREFIX_HEADER = "iFind/iFind-Prefix.pch";
				INFOPLIST_FILE = "iFind/iFind-Info.plist";
				PRODUCT_NAME = "$(TARGET_NAME)";
				WRAPPER_EXTENSION = app;
			};
			name = Release;
		};
		CEA6D38418BD4E2800F36A35 /* Debug */ = {
			isa = XCBuildConfiguration;
			buildSettings = {
				ARCHS = "$(ARCHS_STANDARD_INCLUDING_64_BIT)";
				BUNDLE_LOADER = "$(BUILT_PRODUCTS_DIR)/iFind.app/iFind";
				FRAMEWORK_SEARCH_PATHS = (
					"$(SDKROOT)/Developer/Library/Frameworks",
					"$(inherited)",
					"$(DEVELOPER_FRAMEWORKS_DIR)",
				);
				GCC_PRECOMPILE_PREFIX_HEADER = YES;
				GCC_PREFIX_HEADER = "iFind/iFind-Prefix.pch";
				GCC_PREPROCESSOR_DEFINITIONS = (
					"DEBUG=1",
					"$(inherited)",
				);
				INFOPLIST_FILE = "iFindTests/iFindTests-Info.plist";
				PRODUCT_NAME = "$(TARGET_NAME)";
				TEST_HOST = "$(BUNDLE_LOADER)";
				WRAPPER_EXTENSION = xctest;
			};
			name = Debug;
		};
		CEA6D38518BD4E2800F36A35 /* Release */ = {
			isa = XCBuildConfiguration;
			buildSettings = {
				ARCHS = "$(ARCHS_STANDARD_INCLUDING_64_BIT)";
				BUNDLE_LOADER = "$(BUILT_PRODUCTS_DIR)/iFind.app/iFind";
				FRAMEWORK_SEARCH_PATHS = (
					"$(SDKROOT)/Developer/Library/Frameworks",
					"$(inherited)",
					"$(DEVELOPER_FRAMEWORKS_DIR)",
				);
				GCC_PRECOMPILE_PREFIX_HEADER = YES;
				GCC_PREFIX_HEADER = "iFind/iFind-Prefix.pch";
				INFOPLIST_FILE = "iFindTests/iFindTests-Info.plist";
				PRODUCT_NAME = "$(TARGET_NAME)";
				TEST_HOST = "$(BUNDLE_LOADER)";
				WRAPPER_EXTENSION = xctest;
			};
			name = Release;
		};
/* End XCBuildConfiguration section */

/* Begin XCConfigurationList section */
		CEA6D34F18BD4E2700F36A35 /* Build configuration list for PBXProject "iFind" */ = {
			isa = XCConfigurationList;
			buildConfigurations = (
				CEA6D37E18BD4E2800F36A35 /* Debug */,
				CEA6D37F18BD4E2800F36A35 /* Release */,
			);
			defaultConfigurationIsVisible = 0;
			defaultConfigurationName = Release;
		};
		CEA6D38018BD4E2800F36A35 /* Build configuration list for PBXNativeTarget "iFind" */ = {
			isa = XCConfigurationList;
			buildConfigurations = (
				CEA6D38118BD4E2800F36A35 /* Debug */,
				CEA6D38218BD4E2800F36A35 /* Release */,
			);
			defaultConfigurationIsVisible = 0;
			defaultConfigurationName = Release;
		};
		CEA6D38318BD4E2800F36A35 /* Build configuration list for PBXNativeTarget "iFindTests" */ = {
			isa = XCConfigurationList;
			buildConfigurations = (
				CEA6D38418BD4E2800F36A35 /* Debug */,
				CEA6D38518BD4E2800F36A35 /* Release */,
			);
			defaultConfigurationIsVisible = 0;
			defaultConfigurationName = Release;
		};
/* End XCConfigurationList section */
	};
	rootObject = CEA6D34C18BD4E2700F36A35 /* Project object */;
}
